// !$*UTF8*$!
{
	archiveVersion = 1;
	classes = {
	};
	objectVersion = 55;
	objects = {

/* Begin PBXBuildFile section */
		7F8ECC5F283DF04700F5F370 /* class0525App.swift in Sources */ = {isa = PBXBuildFile; fileRef = 7F8ECC5E283DF04700F5F370 /* class0525App.swift */; };
		7F8ECC61283DF04700F5F370 /* ContentView.swift in Sources */ = {isa = PBXBuildFile; fileRef = 7F8ECC60283DF04700F5F370 /* ContentView.swift */; };
		7F8ECC63283DF04800F5F370 /* Assets.xcassets in Resources */ = {isa = PBXBuildFile; fileRef = 7F8ECC62283DF04800F5F370 /* Assets.xcassets */; };
		7F8ECC66283DF04800F5F370 /* Preview Assets.xcassets in Resources */ = {isa = PBXBuildFile; fileRef = 7F8ECC65283DF04800F5F370 /* Preview Assets.xcassets */; };
		7F8ECC70283DF04800F5F370 /* class0525Tests.swift in Sources */ = {isa = PBXBuildFile; fileRef = 7F8ECC6F283DF04800F5F370 /* class0525Tests.swift */; };
		7F8ECC7A283DF04800F5F370 /* class0525UITests.swift in Sources */ = {isa = PBXBuildFile; fileRef = 7F8ECC79283DF04800F5F370 /* class0525UITests.swift */; };
		7F8ECC7C283DF04800F5F370 /* class0525UITestsLaunchTests.swift in Sources */ = {isa = PBXBuildFile; fileRef = 7F8ECC7B283DF04800F5F370 /* class0525UITestsLaunchTests.swift */; };
		7F8ECC8F283DF95000F5F370 /* movie.swift in Sources */ = {isa = PBXBuildFile; fileRef = 7F8ECC8E283DF95000F5F370 /* movie.swift */; };
		7F8ECC91283DF9DD00F5F370 /* movieData.swift in Sources */ = {isa = PBXBuildFile; fileRef = 7F8ECC90283DF9DD00F5F370 /* movieData.swift */; };
		7F8ECC93283DFAA400F5F370 /* FirstTab.swift in Sources */ = {isa = PBXBuildFile; fileRef = 7F8ECC92283DFAA400F5F370 /* FirstTab.swift */; };
		7F8ECC95283DFABC00F5F370 /* SecondTab.swift in Sources */ = {isa = PBXBuildFile; fileRef = 7F8ECC94283DFABC00F5F370 /* SecondTab.swift */; };
/* End PBXBuildFile section */

/* Begin PBXContainerItemProxy section */
		7F8ECC6C283DF04800F5F370 /* PBXContainerItemProxy */ = {
			isa = PBXContainerItemProxy;
			containerPortal = 7F8ECC53283DF04700F5F370 /* Project object */;
			proxyType = 1;
			remoteGlobalIDString = 7F8ECC5A283DF04700F5F370;
			remoteInfo = class0525;
		};
		7F8ECC76283DF04800F5F370 /* PBXContainerItemProxy */ = {
			isa = PBXContainerItemProxy;
			containerPortal = 7F8ECC53283DF04700F5F370 /* Project object */;
			proxyType = 1;
			remoteGlobalIDString = 7F8ECC5A283DF04700F5F370;
			remoteInfo = class0525;
		};
/* End PBXContainerItemProxy section */

/* Begin PBXFileReference section */
		7F8ECC5B283DF04700F5F370 /* class0525.app */ = {isa = PBXFileReference; explicitFileType = wrapper.application; includeInIndex = 0; path = class0525.app; sourceTree = BUILT_PRODUCTS_DIR; };
		7F8ECC5E283DF04700F5F370 /* class0525App.swift */ = {isa = PBXFileReference; lastKnownFileType = sourcecode.swift; path = class0525App.swift; sourceTree = "<group>"; };
		7F8ECC60283DF04700F5F370 /* ContentView.swift */ = {isa = PBXFileReference; lastKnownFileType = sourcecode.swift; path = ContentView.swift; sourceTree = "<group>"; };
		7F8ECC62283DF04800F5F370 /* Assets.xcassets */ = {isa = PBXFileReference; lastKnownFileType = folder.assetcatalog; path = Assets.xcassets; sourceTree = "<group>"; };
		7F8ECC65283DF04800F5F370 /* Preview Assets.xcassets */ = {isa = PBXFileReference; lastKnownFileType = folder.assetcatalog; path = "Preview Assets.xcassets"; sourceTree = "<group>"; };
		7F8ECC6B283DF04800F5F370 /* class0525Tests.xctest */ = {isa = PBXFileReference; explicitFileType = wrapper.cfbundle; includeInIndex = 0; path = class0525Tests.xctest; sourceTree = BUILT_PRODUCTS_DIR; };
		7F8ECC6F283DF04800F5F370 /* class0525Tests.swift */ = {isa = PBXFileReference; lastKnownFileType = sourcecode.swift; path = class0525Tests.swift; sourceTree = "<group>"; };
		7F8ECC75283DF04800F5F370 /* class0525UITests.xctest */ = {isa = PBXFileReference; explicitFileType = wrapper.cfbundle; includeInIndex = 0; path = class0525UITests.xctest; sourceTree = BUILT_PRODUCTS_DIR; };
		7F8ECC79283DF04800F5F370 /* class0525UITests.swift */ = {isa = PBXFileReference; lastKnownFileType = sourcecode.swift; path = class0525UITests.swift; sourceTree = "<group>"; };
		7F8ECC7B283DF04800F5F370 /* class0525UITestsLaunchTests.swift */ = {isa = PBXFileReference; lastKnownFileType = sourcecode.swift; path = class0525UITestsLaunchTests.swift; sourceTree = "<group>"; };
		7F8ECC8E283DF95000F5F370 /* movie.swift */ = {isa = PBXFileReference; lastKnownFileType = sourcecode.swift; path = movie.swift; sourceTree = "<group>"; };
		7F8ECC90283DF9DD00F5F370 /* movieData.swift */ = {isa = PBXFileReference; lastKnownFileType = sourcecode.swift; path = movieData.swift; sourceTree = "<group>"; };
		7F8ECC92283DFAA400F5F370 /* FirstTab.swift */ = {isa = PBXFileReference; lastKnownFileType = sourcecode.swift; path = FirstTab.swift; sourceTree = "<group>"; };
		7F8ECC94283DFABC00F5F370 /* SecondTab.swift */ = {isa = PBXFileReference; lastKnownFileType = sourcecode.swift; path = SecondTab.swift; sourceTree = "<group>"; };
/* End PBXFileReference section */

/* Begin PBXFrameworksBuildPhase section */
		7F8ECC58283DF04700F5F370 /* Frameworks */ = {
			isa = PBXFrameworksBuildPhase;
			buildActionMask = 2147483647;
			files = (
			);
			runOnlyForDeploymentPostprocessing = 0;
		};
		7F8ECC68283DF04800F5F370 /* Frameworks */ = {
			isa = PBXFrameworksBuildPhase;
			buildActionMask = 2147483647;
			files = (
			);
			runOnlyForDeploymentPostprocessing = 0;
		};
		7F8ECC72283DF04800F5F370 /* Frameworks */ = {
			isa = PBXFrameworksBuildPhase;
			buildActionMask = 2147483647;
			files = (
			);
			runOnlyForDeploymentPostprocessing = 0;
		};
/* End PBXFrameworksBuildPhase section */

/* Begin PBXGroup section */
		7F8ECC52283DF04700F5F370 = {
			isa = PBXGroup;
			children = (
				7F8ECC5D283DF04700F5F370 /* class0525 */,
				7F8ECC6E283DF04800F5F370 /* class0525Tests */,
				7F8ECC78283DF04800F5F370 /* class0525UITests */,
				7F8ECC5C283DF04700F5F370 /* Products */,
			);
			sourceTree = "<group>";
		};
		7F8ECC5C283DF04700F5F370 /* Products */ = {
			isa = PBXGroup;
			children = (
				7F8ECC5B283DF04700F5F370 /* class0525.app */,
				7F8ECC6B283DF04800F5F370 /* class0525Tests.xctest */,
				7F8ECC75283DF04800F5F370 /* class0525UITests.xctest */,
			);
			name = Products;
			sourceTree = "<group>";
		};
		7F8ECC5D283DF04700F5F370 /* class0525 */ = {
			isa = PBXGroup;
			children = (
				7F8ECC5E283DF04700F5F370 /* class0525App.swift */,
				7F8ECC60283DF04700F5F370 /* ContentView.swift */,
				7F8ECC62283DF04800F5F370 /* Assets.xcassets */,
				7F8ECC64283DF04800F5F370 /* Preview Content */,
				7F8ECC8E283DF95000F5F370 /* movie.swift */,
				7F8ECC90283DF9DD00F5F370 /* movieData.swift */,
				7F8ECC92283DFAA400F5F370 /* FirstTab.swift */,
				7F8ECC94283DFABC00F5F370 /* SecondTab.swift */,
			);
			path = class0525;
			sourceTree = "<group>";
		};
		7F8ECC64283DF04800F5F370 /* Preview Content */ = {
			isa = PBXGroup;
			children = (
				7F8ECC65283DF04800F5F370 /* Preview Assets.xcassets */,
			);
			path = "Preview Content";
			sourceTree = "<group>";
		};
		7F8ECC6E283DF04800F5F370 /* class0525Tests */ = {
			isa = PBXGroup;
			children = (
				7F8ECC6F283DF04800F5F370 /* class0525Tests.swift */,
			);
			path = class0525Tests;
			sourceTree = "<group>";
		};
		7F8ECC78283DF04800F5F370 /* class0525UITests */ = {
			isa = PBXGroup;
			children = (
				7F8ECC79283DF04800F5F370 /* class0525UITests.swift */,
				7F8ECC7B283DF04800F5F370 /* class0525UITestsLaunchTests.swift */,
			);
			path = class0525UITests;
			sourceTree = "<group>";
		};
/* End PBXGroup section */

/* Begin PBXNativeTarget section */
		7F8ECC5A283DF04700F5F370 /* class0525 */ = {
			isa = PBXNativeTarget;
			buildConfigurationList = 7F8ECC7F283DF04800F5F370 /* Build configuration list for PBXNativeTarget "class0525" */;
			buildPhases = (
				7F8ECC57283DF04700F5F370 /* Sources */,
				7F8ECC58283DF04700F5F370 /* Frameworks */,
				7F8ECC59283DF04700F5F370 /* Resources */,
			);
			buildRules = (
			);
			dependencies = (
			);
			name = class0525;
			productName = class0525;
			productReference = 7F8ECC5B283DF04700F5F370 /* class0525.app */;
			productType = "com.apple.product-type.application";
		};
		7F8ECC6A283DF04800F5F370 /* class0525Tests */ = {
			isa = PBXNativeTarget;
			buildConfigurationList = 7F8ECC82283DF04800F5F370 /* Build configuration list for PBXNativeTarget "class0525Tests" */;
			buildPhases = (
				7F8ECC67283DF04800F5F370 /* Sources */,
				7F8ECC68283DF04800F5F370 /* Frameworks */,
				7F8ECC69283DF04800F5F370 /* Resources */,
			);
			buildRules = (
			);
			dependencies = (
				7F8ECC6D283DF04800F5F370 /* PBXTargetDependency */,
			);
			name = class0525Tests;
			productName = class0525Tests;
			productReference = 7F8ECC6B283DF04800F5F370 /* class0525Tests.xctest */;
			productType = "com.apple.product-type.bundle.unit-test";
		};
		7F8ECC74283DF04800F5F370 /* class0525UITests */ = {
			isa = PBXNativeTarget;
			buildConfigurationList = 7F8ECC85283DF04800F5F370 /* Build configuration list for PBXNativeTarget "class0525UITests" */;
			buildPhases = (
				7F8ECC71283DF04800F5F370 /* Sources */,
				7F8ECC72283DF04800F5F370 /* Frameworks */,
				7F8ECC73283DF04800F5F370 /* Resources */,
			);
			buildRules = (
			);
			dependencies = (
				7F8ECC77283DF04800F5F370 /* PBXTargetDependency */,
			);
			name = class0525UITests;
			productName = class0525UITests;
			productReference = 7F8ECC75283DF04800F5F370 /* class0525UITests.xctest */;
			productType = "com.apple.product-type.bundle.ui-testing";
		};
/* End PBXNativeTarget section */

/* Begin PBXProject section */
		7F8ECC53283DF04700F5F370 /* Project object */ = {
			isa = PBXProject;
			attributes = {
				BuildIndependentTargetsInParallel = 1;
				LastSwiftUpdateCheck = 1320;
				LastUpgradeCheck = 1320;
				TargetAttributes = {
					7F8ECC5A283DF04700F5F370 = {
						CreatedOnToolsVersion = 13.2.1;
					};
					7F8ECC6A283DF04800F5F370 = {
						CreatedOnToolsVersion = 13.2.1;
						TestTargetID = 7F8ECC5A283DF04700F5F370;
					};
					7F8ECC74283DF04800F5F370 = {
						CreatedOnToolsVersion = 13.2.1;
						TestTargetID = 7F8ECC5A283DF04700F5F370;
					};
				};
			};
			buildConfigurationList = 7F8ECC56283DF04700F5F370 /* Build configuration list for PBXProject "class0525" */;
			compatibilityVersion = "Xcode 13.0";
			developmentRegion = en;
			hasScannedForEncodings = 0;
			knownRegions = (
				en,
				Base,
			);
			mainGroup = 7F8ECC52283DF04700F5F370;
			productRefGroup = 7F8ECC5C283DF04700F5F370 /* Products */;
			projectDirPath = "";
			projectRoot = "";
			targets = (
				7F8ECC5A283DF04700F5F370 /* class0525 */,
				7F8ECC6A283DF04800F5F370 /* class0525Tests */,
				7F8ECC74283DF04800F5F370 /* class0525UITests */,
			);
		};
/* End PBXProject section */

/* Begin PBXResourcesBuildPhase section */
		7F8ECC59283DF04700F5F370 /* Resources */ = {
			isa = PBXResourcesBuildPhase;
			buildActionMask = 2147483647;
			files = (
				7F8ECC66283DF04800F5F370 /* Preview Assets.xcassets in Resources */,
				7F8ECC63283DF04800F5F370 /* Assets.xcassets in Resources */,
			);
			runOnlyForDeploymentPostprocessing = 0;
		};
		7F8ECC69283DF04800F5F370 /* Resources */ = {
			isa = PBXResourcesBuildPhase;
			buildActionMask = 2147483647;
			files = (
			);
			runOnlyForDeploymentPostprocessing = 0;
		};
		7F8ECC73283DF04800F5F370 /* Resources */ = {
			isa = PBXResourcesBuildPhase;
			buildActionMask = 2147483647;
			files = (
			);
			runOnlyForDeploymentPostprocessing = 0;
		};
/* End PBXResourcesBuildPhase section */

/* Begin PBXSourcesBuildPhase section */
		7F8ECC57283DF04700F5F370 /* Sources */ = {
			isa = PBXSourcesBuildPhase;
			buildActionMask = 2147483647;
			files = (
				7F8ECC8F283DF95000F5F370 /* movie.swift in Sources */,
				7F8ECC61283DF04700F5F370 /* ContentView.swift in Sources */,
				7F8ECC93283DFAA400F5F370 /* FirstTab.swift in Sources */,
				7F8ECC91283DF9DD00F5F370 /* movieData.swift in Sources */,
				7F8ECC5F283DF04700F5F370 /* class0525App.swift in Sources */,
				7F8ECC95283DFABC00F5F370 /* SecondTab.swift in Sources */,
			);
			runOnlyForDeploymentPostprocessing = 0;
		};
		7F8ECC67283DF04800F5F370 /* Sources */ = {
			isa = PBXSourcesBuildPhase;
			buildActionMask = 2147483647;
			files = (
				7F8ECC70283DF04800F5F370 /* class0525Tests.swift in Sources */,
			);
			runOnlyForDeploymentPostprocessing = 0;
		};
		7F8ECC71283DF04800F5F370 /* Sources */ = {
			isa = PBXSourcesBuildPhase;
			buildActionMask = 2147483647;
			files = (
				7F8ECC7A283DF04800F5F370 /* class0525UITests.swift in Sources */,
				7F8ECC7C283DF04800F5F370 /* class0525UITestsLaunchTests.swift in Sources */,
			);
			runOnlyForDeploymentPostprocessing = 0;
		};
/* End PBXSourcesBuildPhase section */

/* Begin PBXTargetDependency section */
		7F8ECC6D283DF04800F5F370 /* PBXTargetDependency */ = {
			isa = PBXTargetDependency;
			target = 7F8ECC5A283DF04700F5F370 /* class0525 */;
			targetProxy = 7F8ECC6C283DF04800F5F370 /* PBXContainerItemProxy */;
		};
		7F8ECC77283DF04800F5F370 /* PBXTargetDependency */ = {
			isa = PBXTargetDependency;
			target = 7F8ECC5A283DF04700F5F370 /* class0525 */;
			targetProxy = 7F8ECC76283DF04800F5F370 /* PBXContainerItemProxy */;
		};
/* End PBXTargetDependency section */

/* Begin XCBuildConfiguration section */
		7F8ECC7D283DF04800F5F370 /* Debug */ = {
			isa = XCBuildConfiguration;
			buildSettings = {
				ALWAYS_SEARCH_USER_PATHS = NO;
				CLANG_ANALYZER_NONNULL = YES;
				CLANG_ANALYZER_NUMBER_OBJECT_CONVERSION = YES_AGGRESSIVE;
				CLANG_CXX_LANGUAGE_STANDARD = "gnu++17";
				CLANG_CXX_LIBRARY = "libc++";
				CLANG_ENABLE_MODULES = YES;
				CLANG_ENABLE_OBJC_ARC = YES;
				CLANG_ENABLE_OBJC_WEAK = YES;
				CLANG_WARN_BLOCK_CAPTURE_AUTORELEASING = YES;
				CLANG_WARN_BOOL_CONVERSION = YES;
				CLANG_WARN_COMMA = YES;
				CLANG_WARN_CONSTANT_CONVERSION = YES;
				CLANG_WARN_DEPRECATED_OBJC_IMPLEMENTATIONS = YES;
				CLANG_WARN_DIRECT_OBJC_ISA_USAGE = YES_ERROR;
				CLANG_WARN_DOCUMENTATION_COMMENTS = YES;
				CLANG_WARN_EMPTY_BODY = YES;
				CLANG_WARN_ENUM_CONVERSION = YES;
				CLANG_WARN_INFINITE_RECURSION = YES;
				CLANG_WARN_INT_CONVERSION = YES;
				CLANG_WARN_NON_LITERAL_NULL_CONVERSION = YES;
				CLANG_WARN_OBJC_IMPLICIT_RETAIN_SELF = YES;
				CLANG_WARN_OBJC_LITERAL_CONVERSION = YES;
				CLANG_WARN_OBJC_ROOT_CLASS = YES_ERROR;
				CLANG_WARN_QUOTED_INCLUDE_IN_FRAMEWORK_HEADER = YES;
				CLANG_WARN_RANGE_LOOP_ANALYSIS = YES;
				CLANG_WARN_STRICT_PROTOTYPES = YES;
				CLANG_WARN_SUSPICIOUS_MOVE = YES;
				CLANG_WARN_UNGUARDED_AVAILABILITY = YES_AGGRESSIVE;
				CLANG_WARN_UNREACHABLE_CODE = YES;
				CLANG_WARN__DUPLICATE_METHOD_MATCH = YES;
				COPY_PHASE_STRIP = NO;
				DEBUG_INFORMATION_FORMAT = dwarf;
				ENABLE_STRICT_OBJC_MSGSEND = YES;
				ENABLE_TESTABILITY = YES;
				GCC_C_LANGUAGE_STANDARD = gnu11;
				GCC_DYNAMIC_NO_PIC = NO;
				GCC_NO_COMMON_BLOCKS = YES;
				GCC_OPTIMIZATION_LEVEL = 0;
				GCC_PREPROCESSOR_DEFINITIONS = (
					"DEBUG=1",
					"$(inherited)",
				);
				GCC_WARN_64_TO_32_BIT_CONVERSION = YES;
				GCC_WARN_ABOUT_RETURN_TYPE = YES_ERROR;
				GCC_WARN_UNDECLARED_SELECTOR = YES;
				GCC_WARN_UNINITIALIZED_AUTOS = YES_AGGRESSIVE;
				GCC_WARN_UNUSED_FUNCTION = YES;
				GCC_WARN_UNUSED_VARIABLE = YES;
				IPHONEOS_DEPLOYMENT_TARGET = 15.2;
				MTL_ENABLE_DEBUG_INFO = INCLUDE_SOURCE;
				MTL_FAST_MATH = YES;
				ONLY_ACTIVE_ARCH = YES;
				SDKROOT = iphoneos;
				SWIFT_ACTIVE_COMPILATION_CONDITIONS = DEBUG;
				SWIFT_OPTIMIZATION_LEVEL = "-Onone";
			};
			name = Debug;
		};
		7F8ECC7E283DF04800F5F370 /* Release */ = {
			isa = XCBuildConfiguration;
			buildSettings = {
				ALWAYS_SEARCH_USER_PATHS = NO;
				CLANG_ANALYZER_NONNULL = YES;
				CLANG_ANALYZER_NUMBER_OBJECT_CONVERSION = YES_AGGRESSIVE;
				CLANG_CXX_LANGUAGE_STANDARD = "gnu++17";
				CLANG_CXX_LIBRARY = "libc++";
				CLANG_ENABLE_MODULES = YES;
				CLANG_ENABLE_OBJC_ARC = YES;
				CLANG_ENABLE_OBJC_WEAK = YES;
				CLANG_WARN_BLOCK_CAPTURE_AUTORELEASING = YES;
				CLANG_WARN_BOOL_CONVERSION = YES;
				CLANG_WARN_COMMA = YES;
				CLANG_WARN_CONSTANT_CONVERSION = YES;
				CLANG_WARN_DEPRECATED_OBJC_IMPLEMENTATIONS = YES;
				CLANG_WARN_DIRECT_OBJC_ISA_USAGE = YES_ERROR;
				CLANG_WARN_DOCUMENTATION_COMMENTS = YES;
				CLANG_WARN_EMPTY_BODY = YES;
				CLANG_WARN_ENUM_CONVERSION = YES;
				CLANG_WARN_INFINITE_RECURSION = YES;
				CLANG_WARN_INT_CONVERSION = YES;
				CLANG_WARN_NON_LITERAL_NULL_CONVERSION = YES;
				CLANG_WARN_OBJC_IMPLICIT_RETAIN_SELF = YES;
				CLANG_WARN_OBJC_LITERAL_CONVERSION = YES;
				CLANG_WARN_OBJC_ROOT_CLASS = YES_ERROR;
				CLANG_WARN_QUOTED_INCLUDE_IN_FRAMEWORK_HEADER = YES;
				CLANG_WARN_RANGE_LOOP_ANALYSIS = YES;
				CLANG_WARN_STRICT_PROTOTYPES = YES;
				CLANG_WARN_SUSPICIOUS_MOVE = YES;
				CLANG_WARN_UNGUARDED_AVAILABILITY = YES_AGGRESSIVE;
				CLANG_WARN_UNREACHABLE_CODE = YES;
				CLANG_WARN__DUPLICATE_METHOD_MATCH = YES;
				COPY_PHASE_STRIP = NO;
				DEBUG_INFORMATION_FORMAT = "dwarf-with-dsym";
				ENABLE_NS_ASSERTIONS = NO;
				ENABLE_STRICT_OBJC_MSGSEND = YES;
				GCC_C_LANGUAGE_STANDARD = gnu11;
				GCC_NO_COMMON_BLOCKS = YES;
				GCC_WARN_64_TO_32_BIT_CONVERSION = YES;
				GCC_WARN_ABOUT_RETURN_TYPE = YES_ERROR;
				GCC_WARN_UNDECLARED_SELECTOR = YES;
				GCC_WARN_UNINITIALIZED_AUTOS = YES_AGGRESSIVE;
				GCC_WARN_UNUSED_FUNCTION = YES;
				GCC_WARN_UNUSED_VARIABLE = YES;
				IPHONEOS_DEPLOYMENT_TARGET = 15.2;
				MTL_ENABLE_DEBUG_INFO = NO;
				MTL_FAST_MATH = YES;
				SDKROOT = iphoneos;
				SWIFT_COMPILATION_MODE = wholemodule;
				SWIFT_OPTIMIZATION_LEVEL = "-O";
				VALIDATE_PRODUCT = YES;
			};
			name = Release;
		};
		7F8ECC80283DF04800F5F370 /* Debug */ = {
			isa = XCBuildConfiguration;
			buildSettings = {
				ASSETCATALOG_COMPILER_APPICON_NAME = AppIcon;
				ASSETCATALOG_COMPILER_GLOBAL_ACCENT_COLOR_NAME = AccentColor;
				CODE_SIGN_STYLE = Automatic;
				CURRENT_PROJECT_VERSION = 1;
				DEVELOPMENT_ASSET_PATHS = "\"class0525/Preview Content\"";
				DEVELOPMENT_TEAM = 9745KUMS24;
				ENABLE_PREVIEWS = YES;
				GENERATE_INFOPLIST_FILE = YES;
				INFOPLIST_KEY_UIApplicationSceneManifest_Generation = YES;
				INFOPLIST_KEY_UIApplicationSupportsIndirectInputEvents = YES;
				INFOPLIST_KEY_UILaunchScreen_Generation = YES;
				INFOPLIST_KEY_UISupportedInterfaceOrientations_iPad = "UIInterfaceOrientationPortrait UIInterfaceOrientationPortraitUpsideDown UIInterfaceOrientationLandscapeLeft UIInterfaceOrientationLandscapeRight";
				INFOPLIST_KEY_UISupportedInterfaceOrientations_iPhone = "UIInterfaceOrientationPortrait UIInterfaceOrientationLandscapeLeft UIInterfaceOrientationLandscapeRight";
				LD_RUNPATH_SEARCH_PATHS = (
					"$(inherited)",
					"@executable_path/Frameworks",
				);
				MARKETING_VERSION = 1.0;
				PRODUCT_BUNDLE_IDENTIFIER = andylee.class0525;
				PRODUCT_NAME = "$(TARGET_NAME)";
				SWIFT_EMIT_LOC_STRINGS = YES;
				SWIFT_VERSION = 5.0;
				TARGETED_DEVICE_FAMILY = "1,2";
			};
			name = Debug;
		};
		7F8ECC81283DF04800F5F370 /* Release */ = {
			isa = XCBuildConfiguration;
			buildSettings = {
				ASSETCATALOG_COMPILER_APPICON_NAME = AppIcon;
				ASSETCATALOG_COMPILER_GLOBAL_ACCENT_COLOR_NAME = AccentColor;
				CODE_SIGN_STYLE = Automatic;
				CURRENT_PROJECT_VERSION = 1;
				DEVELOPMENT_ASSET_PATHS = "\"class0525/Preview Content\"";
				DEVELOPMENT_TEAM = 9745KUMS24;
				ENABLE_PREVIEWS = YES;
				GENERATE_INFOPLIST_FILE = YES;
				INFOPLIST_KEY_UIApplicationSceneManifest_Generation = YES;
				INFOPLIST_KEY_UIApplicationSupportsIndirectInputEvents = YES;
				INFOPLIST_KEY_UILaunchScreen_Generation = YES;
				INFOPLIST_KEY_UISupportedInterfaceOrientations_iPad = "UIInterfaceOrientationPortrait UIInterfaceOrientationPortraitUpsideDown UIInterfaceOrientationLandscapeLeft UIInterfaceOrientationLandscapeRight";
				INFOPLIST_KEY_UISupportedInterfaceOrientations_iPhone = "UIInterfaceOrientationPortrait UIInterfaceOrientationLandscapeLeft UIInterfaceOrientationLandscapeRight";
				LD_RUNPATH_SEARCH_PATHS = (
					"$(inherited)",
					"@executable_path/Frameworks",
				);
				MARKETING_VERSION = 1.0;
				PRODUCT_BUNDLE_IDENTIFIER = andylee.class0525;
				PRODUCT_NAME = "$(TARGET_NAME)";
				SWIFT_EMIT_LOC_STRINGS = YES;
				SWIFT_VERSION = 5.0;
				TARGETED_DEVICE_FAMILY = "1,2";
			};
			name = Release;
		};
		7F8ECC83283DF04800F5F370 /* Debug */ = {
			isa = XCBuildConfiguration;
			buildSettings = {
				ALWAYS_EMBED_SWIFT_STANDARD_LIBRARIES = YES;
				BUNDLE_LOADER = "$(TEST_HOST)";
				CODE_SIGN_STYLE = Automatic;
				CURRENT_PROJECT_VERSION = 1;
				DEVELOPMENT_TEAM = 9745KUMS24;
				GENERATE_INFOPLIST_FILE = YES;
				IPHONEOS_DEPLOYMENT_TARGET = 15.2;
				MARKETING_VERSION = 1.0;
				PRODUCT_BUNDLE_IDENTIFIER = andylee.class0525Tests;
				PRODUCT_NAME = "$(TARGET_NAME)";
				SWIFT_EMIT_LOC_STRINGS = NO;
				SWIFT_VERSION = 5.0;
				TARGETED_DEVICE_FAMILY = "1,2";
				TEST_HOST = "$(BUILT_PRODUCTS_DIR)/class0525.app/class0525";
			};
			name = Debug;
		};
		7F8ECC84283DF04800F5F370 /* Release */ = {
			isa = XCBuildConfiguration;
			buildSettings = {
				ALWAYS_EMBED_SWIFT_STANDARD_LIBRARIES = YES;
				BUNDLE_LOADER = "$(TEST_HOST)";
				CODE_SIGN_STYLE = Automatic;
				CURRENT_PROJECT_VERSION = 1;
				DEVELOPMENT_TEAM = 9745KUMS24;
				GENERATE_INFOPLIST_FILE = YES;
				IPHONEOS_DEPLOYMENT_TARGET = 15.2;
				MARKETING_VERSION = 1.0;
				PRODUCT_BUNDLE_IDENTIFIER = andylee.class0525Tests;
				PRODUCT_NAME = "$(TARGET_NAME)";
				SWIFT_EMIT_LOC_STRINGS = NO;
				SWIFT_VERSION = 5.0;
				TARGETED_DEVICE_FAMILY = "1,2";
				TEST_HOST = "$(BUILT_PRODUCTS_DIR)/class0525.app/class0525";
			};
			name = Release;
		};
		7F8ECC86283DF04800F5F370 /* Debug */ = {
			isa = XCBuildConfiguration;
			buildSettings = {
				ALWAYS_EMBED_SWIFT_STANDARD_LIBRARIES = YES;
				CODE_SIGN_STYLE = Automatic;
				CURRENT_PROJECT_VERSION = 1;
				DEVELOPMENT_TEAM = 9745KUMS24;
				GENERATE_INFOPLIST_FILE = YES;
				MARKETING_VERSION = 1.0;
				PRODUCT_BUNDLE_IDENTIFIER = andylee.class0525UITests;
				PRODUCT_NAME = "$(TARGET_NAME)";
				SWIFT_EMIT_LOC_STRINGS = NO;
				SWIFT_VERSION = 5.0;
				TARGETED_DEVICE_FAMILY = "1,2";
				TEST_TARGET_NAME = class0525;
			};
			name = Debug;
		};
		7F8ECC87283DF04800F5F370 /* Release */ = {
			isa = XCBuildConfiguration;
			buildSettings = {
				ALWAYS_EMBED_SWIFT_STANDARD_LIBRARIES = YES;
				CODE_SIGN_STYLE = Automatic;
				CURRENT_PROJECT_VERSION = 1;
				DEVELOPMENT_TEAM = 9745KUMS24;
				GENERATE_INFOPLIST_FILE = YES;
				MARKETING_VERSION = 1.0;
				PRODUCT_BUNDLE_IDENTIFIER = andylee.class0525UITests;
				PRODUCT_NAME = "$(TARGET_NAME)";
				SWIFT_EMIT_LOC_STRINGS = NO;
				SWIFT_VERSION = 5.0;
				TARGETED_DEVICE_FAMILY = "1,2";
				TEST_TARGET_NAME = class0525;
			};
			name = Release;
		};
/* End XCBuildConfiguration section */

/* Begin XCConfigurationList section */
		7F8ECC56283DF04700F5F370 /* Build configuration list for PBXProject "class0525" */ = {
			isa = XCConfigurationList;
			buildConfigurations = (
				7F8ECC7D283DF04800F5F370 /* Debug */,
				7F8ECC7E283DF04800F5F370 /* Release */,
			);
			defaultConfigurationIsVisible = 0;
			defaultConfigurationName = Release;
		};
		7F8ECC7F283DF04800F5F370 /* Build configuration list for PBXNativeTarget "class0525" */ = {
			isa = XCConfigurationList;
			buildConfigurations = (
				7F8ECC80283DF04800F5F370 /* Debug */,
				7F8ECC81283DF04800F5F370 /* Release */,
			);
			defaultConfigurationIsVisible = 0;
			defaultConfigurationName = Release;
		};
		7F8ECC82283DF04800F5F370 /* Build configuration list for PBXNativeTarget "class0525Tests" */ = {
			isa = XCConfigurationList;
			buildConfigurations = (
				7F8ECC83283DF04800F5F370 /* Debug */,
				7F8ECC84283DF04800F5F370 /* Release */,
			);
			defaultConfigurationIsVisible = 0;
			defaultConfigurationName = Release;
		};
		7F8ECC85283DF04800F5F370 /* Build configuration list for PBXNativeTarget "class0525UITests" */ = {
			isa = XCConfigurationList;
			buildConfigurations = (
				7F8ECC86283DF04800F5F370 /* Debug */,
				7F8ECC87283DF04800F5F370 /* Release */,
			);
			defaultConfigurationIsVisible = 0;
			defaultConfigurationName = Release;
		};
/* End XCConfigurationList section */
	};
	rootObject = 7F8ECC53283DF04700F5F370 /* Project object */;
}
