// !$*UTF8*$!
{
	archiveVersion = 1;
	classes = {
	};
	objectVersion = 55;
	objects = {

/* Begin PBXBuildFile section */
		7F493FB827E83F3F00D7FE8D /* AppDelegate.swift in Sources */ = {isa = PBXBuildFile; fileRef = 7F493FB727E83F3F00D7FE8D /* AppDelegate.swift */; };
		7F493FBA27E83F3F00D7FE8D /* SceneDelegate.swift in Sources */ = {isa = PBXBuildFile; fileRef = 7F493FB927E83F3F00D7FE8D /* SceneDelegate.swift */; };
		7F493FBC27E83F3F00D7FE8D /* ViewController.swift in Sources */ = {isa = PBXBuildFile; fileRef = 7F493FBB27E83F3F00D7FE8D /* ViewController.swift */; };
		7F493FBF27E83F3F00D7FE8D /* Main.storyboard in Resources */ = {isa = PBXBuildFile; fileRef = 7F493FBD27E83F3F00D7FE8D /* Main.storyboard */; };
		7F493FC127E83F3F00D7FE8D /* Assets.xcassets in Resources */ = {isa = PBXBuildFile; fileRef = 7F493FC027E83F3F00D7FE8D /* Assets.xcassets */; };
		7F493FC427E83F3F00D7FE8D /* LaunchScreen.storyboard in Resources */ = {isa = PBXBuildFile; fileRef = 7F493FC227E83F3F00D7FE8D /* LaunchScreen.storyboard */; };
		7F493FCF27E83F3F00D7FE8D /* CalculatorTests.swift in Sources */ = {isa = PBXBuildFile; fileRef = 7F493FCE27E83F3F00D7FE8D /* CalculatorTests.swift */; };
		7F493FD927E83F4000D7FE8D /* CalculatorUITests.swift in Sources */ = {isa = PBXBuildFile; fileRef = 7F493FD827E83F4000D7FE8D /* CalculatorUITests.swift */; };
		7F493FDB27E83F4000D7FE8D /* CalculatorUITestsLaunchTests.swift in Sources */ = {isa = PBXBuildFile; fileRef = 7F493FDA27E83F4000D7FE8D /* CalculatorUITestsLaunchTests.swift */; };
/* End PBXBuildFile section */

/* Begin PBXContainerItemProxy section */
		7F493FCB27E83F3F00D7FE8D /* PBXContainerItemProxy */ = {
			isa = PBXContainerItemProxy;
			containerPortal = 7F493FAC27E83F3F00D7FE8D /* Project object */;
			proxyType = 1;
			remoteGlobalIDString = 7F493FB327E83F3F00D7FE8D;
			remoteInfo = Calculator;
		};
		7F493FD527E83F3F00D7FE8D /* PBXContainerItemProxy */ = {
			isa = PBXContainerItemProxy;
			containerPortal = 7F493FAC27E83F3F00D7FE8D /* Project object */;
			proxyType = 1;
			remoteGlobalIDString = 7F493FB327E83F3F00D7FE8D;
			remoteInfo = Calculator;
		};
/* End PBXContainerItemProxy section */

/* Begin PBXFileReference section */
		7F493FB427E83F3F00D7FE8D /* Calculator.app */ = {isa = PBXFileReference; explicitFileType = wrapper.application; includeInIndex = 0; path = Calculator.app; sourceTree = BUILT_PRODUCTS_DIR; };
		7F493FB727E83F3F00D7FE8D /* AppDelegate.swift */ = {isa = PBXFileReference; lastKnownFileType = sourcecode.swift; path = AppDelegate.swift; sourceTree = "<group>"; };
		7F493FB927E83F3F00D7FE8D /* SceneDelegate.swift */ = {isa = PBXFileReference; lastKnownFileType = sourcecode.swift; path = SceneDelegate.swift; sourceTree = "<group>"; };
		7F493FBB27E83F3F00D7FE8D /* ViewController.swift */ = {isa = PBXFileReference; lastKnownFileType = sourcecode.swift; path = ViewController.swift; sourceTree = "<group>"; };
		7F493FBE27E83F3F00D7FE8D /* Base */ = {isa = PBXFileReference; lastKnownFileType = file.storyboard; name = Base; path = Base.lproj/Main.storyboard; sourceTree = "<group>"; };
		7F493FC027E83F3F00D7FE8D /* Assets.xcassets */ = {isa = PBXFileReference; lastKnownFileType = folder.assetcatalog; path = Assets.xcassets; sourceTree = "<group>"; };
		7F493FC327E83F3F00D7FE8D /* Base */ = {isa = PBXFileReference; lastKnownFileType = file.storyboard; name = Base; path = Base.lproj/LaunchScreen.storyboard; sourceTree = "<group>"; };
		7F493FC527E83F3F00D7FE8D /* Info.plist */ = {isa = PBXFileReference; lastKnownFileType = text.plist.xml; path = Info.plist; sourceTree = "<group>"; };
		7F493FCA27E83F3F00D7FE8D /* CalculatorTests.xctest */ = {isa = PBXFileReference; explicitFileType = wrapper.cfbundle; includeInIndex = 0; path = CalculatorTests.xctest; sourceTree = BUILT_PRODUCTS_DIR; };
		7F493FCE27E83F3F00D7FE8D /* CalculatorTests.swift */ = {isa = PBXFileReference; lastKnownFileType = sourcecode.swift; path = CalculatorTests.swift; sourceTree = "<group>"; };
		7F493FD427E83F3F00D7FE8D /* CalculatorUITests.xctest */ = {isa = PBXFileReference; explicitFileType = wrapper.cfbundle; includeInIndex = 0; path = CalculatorUITests.xctest; sourceTree = BUILT_PRODUCTS_DIR; };
		7F493FD827E83F4000D7FE8D /* CalculatorUITests.swift */ = {isa = PBXFileReference; lastKnownFileType = sourcecode.swift; path = CalculatorUITests.swift; sourceTree = "<group>"; };
		7F493FDA27E83F4000D7FE8D /* CalculatorUITestsLaunchTests.swift */ = {isa = PBXFileReference; lastKnownFileType = sourcecode.swift; path = CalculatorUITestsLaunchTests.swift; sourceTree = "<group>"; };
/* End PBXFileReference section */

/* Begin PBXFrameworksBuildPhase section */
		7F493FB127E83F3F00D7FE8D /* Frameworks */ = {
			isa = PBXFrameworksBuildPhase;
			buildActionMask = 2147483647;
			files = (
			);
			runOnlyForDeploymentPostprocessing = 0;
		};
		7F493FC727E83F3F00D7FE8D /* Frameworks */ = {
			isa = PBXFrameworksBuildPhase;
			buildActionMask = 2147483647;
			files = (
			);
			runOnlyForDeploymentPostprocessing = 0;
		};
		7F493FD127E83F3F00D7FE8D /* Frameworks */ = {
			isa = PBXFrameworksBuildPhase;
			buildActionMask = 2147483647;
			files = (
			);
			runOnlyForDeploymentPostprocessing = 0;
		};
/* End PBXFrameworksBuildPhase section */

/* Begin PBXGroup section */
		7F493FAB27E83F3F00D7FE8D = {
			isa = PBXGroup;
			children = (
				7F493FB627E83F3F00D7FE8D /* Calculator */,
				7F493FCD27E83F3F00D7FE8D /* CalculatorTests */,
				7F493FD727E83F3F00D7FE8D /* CalculatorUITests */,
				7F493FB527E83F3F00D7FE8D /* Products */,
			);
			sourceTree = "<group>";
		};
		7F493FB527E83F3F00D7FE8D /* Products */ = {
			isa = PBXGroup;
			children = (
				7F493FB427E83F3F00D7FE8D /* Calculator.app */,
				7F493FCA27E83F3F00D7FE8D /* CalculatorTests.xctest */,
				7F493FD427E83F3F00D7FE8D /* CalculatorUITests.xctest */,
			);
			name = Products;
			sourceTree = "<group>";
		};
		7F493FB627E83F3F00D7FE8D /* Calculator */ = {
			isa = PBXGroup;
			children = (
				7F493FB727E83F3F00D7FE8D /* AppDelegate.swift */,
				7F493FB927E83F3F00D7FE8D /* SceneDelegate.swift */,
				7F493FBB27E83F3F00D7FE8D /* ViewController.swift */,
				7F493FBD27E83F3F00D7FE8D /* Main.storyboard */,
				7F493FC027E83F3F00D7FE8D /* Assets.xcassets */,
				7F493FC227E83F3F00D7FE8D /* LaunchScreen.storyboard */,
				7F493FC527E83F3F00D7FE8D /* Info.plist */,
			);
			path = Calculator;
			sourceTree = "<group>";
		};
		7F493FCD27E83F3F00D7FE8D /* CalculatorTests */ = {
			isa = PBXGroup;
			children = (
				7F493FCE27E83F3F00D7FE8D /* CalculatorTests.swift */,
			);
			path = CalculatorTests;
			sourceTree = "<group>";
		};
		7F493FD727E83F3F00D7FE8D /* CalculatorUITests */ = {
			isa = PBXGroup;
			children = (
				7F493FD827E83F4000D7FE8D /* CalculatorUITests.swift */,
				7F493FDA27E83F4000D7FE8D /* CalculatorUITestsLaunchTests.swift */,
			);
			path = CalculatorUITests;
			sourceTree = "<group>";
		};
/* End PBXGroup section */

/* Begin PBXNativeTarget section */
		7F493FB327E83F3F00D7FE8D /* Calculator */ = {
			isa = PBXNativeTarget;
			buildConfigurationList = 7F493FDE27E83F4000D7FE8D /* Build configuration list for PBXNativeTarget "Calculator" */;
			buildPhases = (
				7F493FB027E83F3F00D7FE8D /* Sources */,
				7F493FB127E83F3F00D7FE8D /* Frameworks */,
				7F493FB227E83F3F00D7FE8D /* Resources */,
			);
			buildRules = (
			);
			dependencies = (
			);
			name = Calculator;
			productName = Calculator;
			productReference = 7F493FB427E83F3F00D7FE8D /* Calculator.app */;
			productType = "com.apple.product-type.application";
		};
		7F493FC927E83F3F00D7FE8D /* CalculatorTests */ = {
			isa = PBXNativeTarget;
			buildConfigurationList = 7F493FE127E83F4000D7FE8D /* Build configuration list for PBXNativeTarget "CalculatorTests" */;
			buildPhases = (
				7F493FC627E83F3F00D7FE8D /* Sources */,
				7F493FC727E83F3F00D7FE8D /* Frameworks */,
				7F493FC827E83F3F00D7FE8D /* Resources */,
			);
			buildRules = (
			);
			dependencies = (
				7F493FCC27E83F3F00D7FE8D /* PBXTargetDependency */,
			);
			name = CalculatorTests;
			productName = CalculatorTests;
			productReference = 7F493FCA27E83F3F00D7FE8D /* CalculatorTests.xctest */;
			productType = "com.apple.product-type.bundle.unit-test";
		};
		7F493FD327E83F3F00D7FE8D /* CalculatorUITests */ = {
			isa = PBXNativeTarget;
			buildConfigurationList = 7F493FE427E83F4000D7FE8D /* Build configuration list for PBXNativeTarget "CalculatorUITests" */;
			buildPhases = (
				7F493FD027E83F3F00D7FE8D /* Sources */,
				7F493FD127E83F3F00D7FE8D /* Frameworks */,
				7F493FD227E83F3F00D7FE8D /* Resources */,
			);
			buildRules = (
			);
			dependencies = (
				7F493FD627E83F3F00D7FE8D /* PBXTargetDependency */,
			);
			name = CalculatorUITests;
			productName = CalculatorUITests;
			productReference = 7F493FD427E83F3F00D7FE8D /* CalculatorUITests.xctest */;
			productType = "com.apple.product-type.bundle.ui-testing";
		};
/* End PBXNativeTarget section */

/* Begin PBXProject section */
		7F493FAC27E83F3F00D7FE8D /* Project object */ = {
			isa = PBXProject;
			attributes = {
				BuildIndependentTargetsInParallel = 1;
				LastSwiftUpdateCheck = 1320;
				LastUpgradeCheck = 1320;
				TargetAttributes = {
					7F493FB327E83F3F00D7FE8D = {
						CreatedOnToolsVersion = 13.2.1;
					};
					7F493FC927E83F3F00D7FE8D = {
						CreatedOnToolsVersion = 13.2.1;
						TestTargetID = 7F493FB327E83F3F00D7FE8D;
					};
					7F493FD327E83F3F00D7FE8D = {
						CreatedOnToolsVersion = 13.2.1;
						TestTargetID = 7F493FB327E83F3F00D7FE8D;
					};
				};
			};
			buildConfigurationList = 7F493FAF27E83F3F00D7FE8D /* Build configuration list for PBXProject "Calculator" */;
			compatibilityVersion = "Xcode 13.0";
			developmentRegion = en;
			hasScannedForEncodings = 0;
			knownRegions = (
				en,
				Base,
			);
			mainGroup = 7F493FAB27E83F3F00D7FE8D;
			productRefGroup = 7F493FB527E83F3F00D7FE8D /* Products */;
			projectDirPath = "";
			projectRoot = "";
			targets = (
				7F493FB327E83F3F00D7FE8D /* Calculator */,
				7F493FC927E83F3F00D7FE8D /* CalculatorTests */,
				7F493FD327E83F3F00D7FE8D /* CalculatorUITests */,
			);
		};
/* End PBXProject section */

/* Begin PBXResourcesBuildPhase section */
		7F493FB227E83F3F00D7FE8D /* Resources */ = {
			isa = PBXResourcesBuildPhase;
			buildActionMask = 2147483647;
			files = (
				7F493FC427E83F3F00D7FE8D /* LaunchScreen.storyboard in Resources */,
				7F493FC127E83F3F00D7FE8D /* Assets.xcassets in Resources */,
				7F493FBF27E83F3F00D7FE8D /* Main.storyboard in Resources */,
			);
			runOnlyForDeploymentPostprocessing = 0;
		};
		7F493FC827E83F3F00D7FE8D /* Resources */ = {
			isa = PBXResourcesBuildPhase;
			buildActionMask = 2147483647;
			files = (
			);
			runOnlyForDeploymentPostprocessing = 0;
		};
		7F493FD227E83F3F00D7FE8D /* Resources */ = {
			isa = PBXResourcesBuildPhase;
			buildActionMask = 2147483647;
			files = (
			);
			runOnlyForDeploymentPostprocessing = 0;
		};
/* End PBXResourcesBuildPhase section */

/* Begin PBXSourcesBuildPhase section */
		7F493FB027E83F3F00D7FE8D /* Sources */ = {
			isa = PBXSourcesBuildPhase;
			buildActionMask = 2147483647;
			files = (
				7F493FBC27E83F3F00D7FE8D /* ViewController.swift in Sources */,
				7F493FB827E83F3F00D7FE8D /* AppDelegate.swift in Sources */,
				7F493FBA27E83F3F00D7FE8D /* SceneDelegate.swift in Sources */,
			);
			runOnlyForDeploymentPostprocessing = 0;
		};
		7F493FC627E83F3F00D7FE8D /* Sources */ = {
			isa = PBXSourcesBuildPhase;
			buildActionMask = 2147483647;
			files = (
				7F493FCF27E83F3F00D7FE8D /* CalculatorTests.swift in Sources */,
			);
			runOnlyForDeploymentPostprocessing = 0;
		};
		7F493FD027E83F3F00D7FE8D /* Sources */ = {
			isa = PBXSourcesBuildPhase;
			buildActionMask = 2147483647;
			files = (
				7F493FDB27E83F4000D7FE8D /* CalculatorUITestsLaunchTests.swift in Sources */,
				7F493FD927E83F4000D7FE8D /* CalculatorUITests.swift in Sources */,
			);
			runOnlyForDeploymentPostprocessing = 0;
		};
/* End PBXSourcesBuildPhase section */

/* Begin PBXTargetDependency section */
		7F493FCC27E83F3F00D7FE8D /* PBXTargetDependency */ = {
			isa = PBXTargetDependency;
			target = 7F493FB327E83F3F00D7FE8D /* Calculator */;
			targetProxy = 7F493FCB27E83F3F00D7FE8D /* PBXContainerItemProxy */;
		};
		7F493FD627E83F3F00D7FE8D /* PBXTargetDependency */ = {
			isa = PBXTargetDependency;
			target = 7F493FB327E83F3F00D7FE8D /* Calculator */;
			targetProxy = 7F493FD527E83F3F00D7FE8D /* PBXContainerItemProxy */;
		};
/* End PBXTargetDependency section */

/* Begin PBXVariantGroup section */
		7F493FBD27E83F3F00D7FE8D /* Main.storyboard */ = {
			isa = PBXVariantGroup;
			children = (
				7F493FBE27E83F3F00D7FE8D /* Base */,
			);
			name = Main.storyboard;
			sourceTree = "<group>";
		};
		7F493FC227E83F3F00D7FE8D /* LaunchScreen.storyboard */ = {
			isa = PBXVariantGroup;
			children = (
				7F493FC327E83F3F00D7FE8D /* Base */,
			);
			name = LaunchScreen.storyboard;
			sourceTree = "<group>";
		};
/* End PBXVariantGroup section */

/* Begin XCBuildConfiguration section */
		7F493FDC27E83F4000D7FE8D /* Debug */ = {
			isa = XCBuildConfiguration;
			buildSettings = {
				ALWAYS_SEARCH_USER_PATHS = NO;
				CLANG_ANALYZER_NONNULL = YES;
				CLANG_ANALYZER_NUMBER_OBJECT_CONVERSION = YES_AGGRESSIVE;
				CLANG_CXX_LANGUAGE_STANDARD = "gnu++17";
				CLANG_CXX_LIBRARY = "libc++";
				CLANG_ENABLE_MODULES = YES;
				CLANG_ENABLE_OBJC_ARC = YES;
				CLANG_ENABLE_OBJC_WEAK = YES;
				CLANG_WARN_BLOCK_CAPTURE_AUTORELEASING = YES;
				CLANG_WARN_BOOL_CONVERSION = YES;
				CLANG_WARN_COMMA = YES;
				CLANG_WARN_CONSTANT_CONVERSION = YES;
				CLANG_WARN_DEPRECATED_OBJC_IMPLEMENTATIONS = YES;
				CLANG_WARN_DIRECT_OBJC_ISA_USAGE = YES_ERROR;
				CLANG_WARN_DOCUMENTATION_COMMENTS = YES;
				CLANG_WARN_EMPTY_BODY = YES;
				CLANG_WARN_ENUM_CONVERSION = YES;
				CLANG_WARN_INFINITE_RECURSION = YES;
				CLANG_WARN_INT_CONVERSION = YES;
				CLANG_WARN_NON_LITERAL_NULL_CONVERSION = YES;
				CLANG_WARN_OBJC_IMPLICIT_RETAIN_SELF = YES;
				CLANG_WARN_OBJC_LITERAL_CONVERSION = YES;
				CLANG_WARN_OBJC_ROOT_CLASS = YES_ERROR;
				CLANG_WARN_QUOTED_INCLUDE_IN_FRAMEWORK_HEADER = YES;
				CLANG_WARN_RANGE_LOOP_ANALYSIS = YES;
				CLANG_WARN_STRICT_PROTOTYPES = YES;
				CLANG_WARN_SUSPICIOUS_MOVE = YES;
				CLANG_WARN_UNGUARDED_AVAILABILITY = YES_AGGRESSIVE;
				CLANG_WARN_UNREACHABLE_CODE = YES;
				CLANG_WARN__DUPLICATE_METHOD_MATCH = YES;
				COPY_PHASE_STRIP = NO;
				DEBUG_INFORMATION_FORMAT = dwarf;
				ENABLE_STRICT_OBJC_MSGSEND = YES;
				ENABLE_TESTABILITY = YES;
				GCC_C_LANGUAGE_STANDARD = gnu11;
				GCC_DYNAMIC_NO_PIC = NO;
				GCC_NO_COMMON_BLOCKS = YES;
				GCC_OPTIMIZATION_LEVEL = 0;
				GCC_PREPROCESSOR_DEFINITIONS = (
					"DEBUG=1",
					"$(inherited)",
				);
				GCC_WARN_64_TO_32_BIT_CONVERSION = YES;
				GCC_WARN_ABOUT_RETURN_TYPE = YES_ERROR;
				GCC_WARN_UNDECLARED_SELECTOR = YES;
				GCC_WARN_UNINITIALIZED_AUTOS = YES_AGGRESSIVE;
				GCC_WARN_UNUSED_FUNCTION = YES;
				GCC_WARN_UNUSED_VARIABLE = YES;
				IPHONEOS_DEPLOYMENT_TARGET = 15.2;
				MTL_ENABLE_DEBUG_INFO = INCLUDE_SOURCE;
				MTL_FAST_MATH = YES;
				ONLY_ACTIVE_ARCH = YES;
				SDKROOT = iphoneos;
				SWIFT_ACTIVE_COMPILATION_CONDITIONS = DEBUG;
				SWIFT_OPTIMIZATION_LEVEL = "-Onone";
			};
			name = Debug;
		};
		7F493FDD27E83F4000D7FE8D /* Release */ = {
			isa = XCBuildConfiguration;
			buildSettings = {
				ALWAYS_SEARCH_USER_PATHS = NO;
				CLANG_ANALYZER_NONNULL = YES;
				CLANG_ANALYZER_NUMBER_OBJECT_CONVERSION = YES_AGGRESSIVE;
				CLANG_CXX_LANGUAGE_STANDARD = "gnu++17";
				CLANG_CXX_LIBRARY = "libc++";
				CLANG_ENABLE_MODULES = YES;
				CLANG_ENABLE_OBJC_ARC = YES;
				CLANG_ENABLE_OBJC_WEAK = YES;
				CLANG_WARN_BLOCK_CAPTURE_AUTORELEASING = YES;
				CLANG_WARN_BOOL_CONVERSION = YES;
				CLANG_WARN_COMMA = YES;
				CLANG_WARN_CONSTANT_CONVERSION = YES;
				CLANG_WARN_DEPRECATED_OBJC_IMPLEMENTATIONS = YES;
				CLANG_WARN_DIRECT_OBJC_ISA_USAGE = YES_ERROR;
				CLANG_WARN_DOCUMENTATION_COMMENTS = YES;
				CLANG_WARN_EMPTY_BODY = YES;
				CLANG_WARN_ENUM_CONVERSION = YES;
				CLANG_WARN_INFINITE_RECURSION = YES;
				CLANG_WARN_INT_CONVERSION = YES;
				CLANG_WARN_NON_LITERAL_NULL_CONVERSION = YES;
				CLANG_WARN_OBJC_IMPLICIT_RETAIN_SELF = YES;
				CLANG_WARN_OBJC_LITERAL_CONVERSION = YES;
				CLANG_WARN_OBJC_ROOT_CLASS = YES_ERROR;
				CLANG_WARN_QUOTED_INCLUDE_IN_FRAMEWORK_HEADER = YES;
				CLANG_WARN_RANGE_LOOP_ANALYSIS = YES;
				CLANG_WARN_STRICT_PROTOTYPES = YES;
				CLANG_WARN_SUSPICIOUS_MOVE = YES;
				CLANG_WARN_UNGUARDED_AVAILABILITY = YES_AGGRESSIVE;
				CLANG_WARN_UNREACHABLE_CODE = YES;
				CLANG_WARN__DUPLICATE_METHOD_MATCH = YES;
				COPY_PHASE_STRIP = NO;
				DEBUG_INFORMATION_FORMAT = "dwarf-with-dsym";
				ENABLE_NS_ASSERTIONS = NO;
				ENABLE_STRICT_OBJC_MSGSEND = YES;
				GCC_C_LANGUAGE_STANDARD = gnu11;
				GCC_NO_COMMON_BLOCKS = YES;
				GCC_WARN_64_TO_32_BIT_CONVERSION = YES;
				GCC_WARN_ABOUT_RETURN_TYPE = YES_ERROR;
				GCC_WARN_UNDECLARED_SELECTOR = YES;
				GCC_WARN_UNINITIALIZED_AUTOS = YES_AGGRESSIVE;
				GCC_WARN_UNUSED_FUNCTION = YES;
				GCC_WARN_UNUSED_VARIABLE = YES;
				IPHONEOS_DEPLOYMENT_TARGET = 15.2;
				MTL_ENABLE_DEBUG_INFO = NO;
				MTL_FAST_MATH = YES;
				SDKROOT = iphoneos;
				SWIFT_COMPILATION_MODE = wholemodule;
				SWIFT_OPTIMIZATION_LEVEL = "-O";
				VALIDATE_PRODUCT = YES;
			};
			name = Release;
		};
		7F493FDF27E83F4000D7FE8D /* Debug */ = {
			isa = XCBuildConfiguration;
			buildSettings = {
				ASSETCATALOG_COMPILER_APPICON_NAME = AppIcon;
				ASSETCATALOG_COMPILER_GLOBAL_ACCENT_COLOR_NAME = AccentColor;
				CODE_SIGN_STYLE = Automatic;
				CURRENT_PROJECT_VERSION = 1;
				DEVELOPMENT_TEAM = 9745KUMS24;
				GENERATE_INFOPLIST_FILE = YES;
				INFOPLIST_FILE = Calculator/Info.plist;
				INFOPLIST_KEY_UIApplicationSupportsIndirectInputEvents = YES;
				INFOPLIST_KEY_UILaunchStoryboardName = LaunchScreen;
				INFOPLIST_KEY_UIMainStoryboardFile = Main;
				INFOPLIST_KEY_UISupportedInterfaceOrientations_iPad = "UIInterfaceOrientationPortrait UIInterfaceOrientationPortraitUpsideDown UIInterfaceOrientationLandscapeLeft UIInterfaceOrientationLandscapeRight";
				INFOPLIST_KEY_UISupportedInterfaceOrientations_iPhone = "UIInterfaceOrientationPortrait UIInterfaceOrientationLandscapeLeft UIInterfaceOrientationLandscapeRight";
				LD_RUNPATH_SEARCH_PATHS = (
					"$(inherited)",
					"@executable_path/Frameworks",
				);
				MARKETING_VERSION = 1.0;
				PRODUCT_BUNDLE_IDENTIFIER = andylee.Calculator;
				PRODUCT_NAME = "$(TARGET_NAME)";
				SWIFT_EMIT_LOC_STRINGS = YES;
				SWIFT_VERSION = 5.0;
				TARGETED_DEVICE_FAMILY = "1,2";
			};
			name = Debug;
		};
		7F493FE027E83F4000D7FE8D /* Release */ = {
			isa = XCBuildConfiguration;
			buildSettings = {
				ASSETCATALOG_COMPILER_APPICON_NAME = AppIcon;
				ASSETCATALOG_COMPILER_GLOBAL_ACCENT_COLOR_NAME = AccentColor;
				CODE_SIGN_STYLE = Automatic;
				CURRENT_PROJECT_VERSION = 1;
				DEVELOPMENT_TEAM = 9745KUMS24;
				GENERATE_INFOPLIST_FILE = YES;
				INFOPLIST_FILE = Calculator/Info.plist;
				INFOPLIST_KEY_UIApplicationSupportsIndirectInputEvents = YES;
				INFOPLIST_KEY_UILaunchStoryboardName = LaunchScreen;
				INFOPLIST_KEY_UIMainStoryboardFile = Main;
				INFOPLIST_KEY_UISupportedInterfaceOrientations_iPad = "UIInterfaceOrientationPortrait UIInterfaceOrientationPortraitUpsideDown UIInterfaceOrientationLandscapeLeft UIInterfaceOrientationLandscapeRight";
				INFOPLIST_KEY_UISupportedInterfaceOrientations_iPhone = "UIInterfaceOrientationPortrait UIInterfaceOrientationLandscapeLeft UIInterfaceOrientationLandscapeRight";
				LD_RUNPATH_SEARCH_PATHS = (
					"$(inherited)",
					"@executable_path/Frameworks",
				);
				MARKETING_VERSION = 1.0;
				PRODUCT_BUNDLE_IDENTIFIER = andylee.Calculator;
				PRODUCT_NAME = "$(TARGET_NAME)";
				SWIFT_EMIT_LOC_STRINGS = YES;
				SWIFT_VERSION = 5.0;
				TARGETED_DEVICE_FAMILY = "1,2";
			};
			name = Release;
		};
		7F493FE227E83F4000D7FE8D /* Debug */ = {
			isa = XCBuildConfiguration;
			buildSettings = {
				ALWAYS_EMBED_SWIFT_STANDARD_LIBRARIES = YES;
				BUNDLE_LOADER = "$(TEST_HOST)";
				CODE_SIGN_STYLE = Automatic;
				CURRENT_PROJECT_VERSION = 1;
				DEVELOPMENT_TEAM = 9745KUMS24;
				GENERATE_INFOPLIST_FILE = YES;
				IPHONEOS_DEPLOYMENT_TARGET = 15.2;
				MARKETING_VERSION = 1.0;
				PRODUCT_BUNDLE_IDENTIFIER = andylee.CalculatorTests;
				PRODUCT_NAME = "$(TARGET_NAME)";
				SWIFT_EMIT_LOC_STRINGS = NO;
				SWIFT_VERSION = 5.0;
				TARGETED_DEVICE_FAMILY = "1,2";
				TEST_HOST = "$(BUILT_PRODUCTS_DIR)/Calculator.app/Calculator";
			};
			name = Debug;
		};
		7F493FE327E83F4000D7FE8D /* Release */ = {
			isa = XCBuildConfiguration;
			buildSettings = {
				ALWAYS_EMBED_SWIFT_STANDARD_LIBRARIES = YES;
				BUNDLE_LOADER = "$(TEST_HOST)";
				CODE_SIGN_STYLE = Automatic;
				CURRENT_PROJECT_VERSION = 1;
				DEVELOPMENT_TEAM = 9745KUMS24;
				GENERATE_INFOPLIST_FILE = YES;
				IPHONEOS_DEPLOYMENT_TARGET = 15.2;
				MARKETING_VERSION = 1.0;
				PRODUCT_BUNDLE_IDENTIFIER = andylee.CalculatorTests;
				PRODUCT_NAME = "$(TARGET_NAME)";
				SWIFT_EMIT_LOC_STRINGS = NO;
				SWIFT_VERSION = 5.0;
				TARGETED_DEVICE_FAMILY = "1,2";
				TEST_HOST = "$(BUILT_PRODUCTS_DIR)/Calculator.app/Calculator";
			};
			name = Release;
		};
		7F493FE527E83F4000D7FE8D /* Debug */ = {
			isa = XCBuildConfiguration;
			buildSettings = {
				ALWAYS_EMBED_SWIFT_STANDARD_LIBRARIES = YES;
				CODE_SIGN_STYLE = Automatic;
				CURRENT_PROJECT_VERSION = 1;
				DEVELOPMENT_TEAM = 9745KUMS24;
				GENERATE_INFOPLIST_FILE = YES;
				MARKETING_VERSION = 1.0;
				PRODUCT_BUNDLE_IDENTIFIER = andylee.CalculatorUITests;
				PRODUCT_NAME = "$(TARGET_NAME)";
				SWIFT_EMIT_LOC_STRINGS = NO;
				SWIFT_VERSION = 5.0;
				TARGETED_DEVICE_FAMILY = "1,2";
				TEST_TARGET_NAME = Calculator;
			};
			name = Debug;
		};
		7F493FE627E83F4000D7FE8D /* Release */ = {
			isa = XCBuildConfiguration;
			buildSettings = {
				ALWAYS_EMBED_SWIFT_STANDARD_LIBRARIES = YES;
				CODE_SIGN_STYLE = Automatic;
				CURRENT_PROJECT_VERSION = 1;
				DEVELOPMENT_TEAM = 9745KUMS24;
				GENERATE_INFOPLIST_FILE = YES;
				MARKETING_VERSION = 1.0;
				PRODUCT_BUNDLE_IDENTIFIER = andylee.CalculatorUITests;
				PRODUCT_NAME = "$(TARGET_NAME)";
				SWIFT_EMIT_LOC_STRINGS = NO;
				SWIFT_VERSION = 5.0;
				TARGETED_DEVICE_FAMILY = "1,2";
				TEST_TARGET_NAME = Calculator;
			};
			name = Release;
		};
/* End XCBuildConfiguration section */

/* Begin XCConfigurationList section */
		7F493FAF27E83F3F00D7FE8D /* Build configuration list for PBXProject "Calculator" */ = {
			isa = XCConfigurationList;
			buildConfigurations = (
				7F493FDC27E83F4000D7FE8D /* Debug */,
				7F493FDD27E83F4000D7FE8D /* Release */,
			);
			defaultConfigurationIsVisible = 0;
			defaultConfigurationName = Release;
		};
		7F493FDE27E83F4000D7FE8D /* Build configuration list for PBXNativeTarget "Calculator" */ = {
			isa = XCConfigurationList;
			buildConfigurations = (
				7F493FDF27E83F4000D7FE8D /* Debug */,
				7F493FE027E83F4000D7FE8D /* Release */,
			);
			defaultConfigurationIsVisible = 0;
			defaultConfigurationName = Release;
		};
		7F493FE127E83F4000D7FE8D /* Build configuration list for PBXNativeTarget "CalculatorTests" */ = {
			isa = XCConfigurationList;
			buildConfigurations = (
				7F493FE227E83F4000D7FE8D /* Debug */,
				7F493FE327E83F4000D7FE8D /* Release */,
			);
			defaultConfigurationIsVisible = 0;
			defaultConfigurationName = Release;
		};
		7F493FE427E83F4000D7FE8D /* Build configuration list for PBXNativeTarget "CalculatorUITests" */ = {
			isa = XCConfigurationList;
			buildConfigurations = (
				7F493FE527E83F4000D7FE8D /* Debug */,
				7F493FE627E83F4000D7FE8D /* Release */,
			);
			defaultConfigurationIsVisible = 0;
			defaultConfigurationName = Release;
		};
/* End XCConfigurationList section */
	};
	rootObject = 7F493FAC27E83F3F00D7FE8D /* Project object */;
}
