// !$*UTF8*$!
{
	archiveVersion = 1;
	classes = {
	};
	objectVersion = 55;
	objects = {

/* Begin PBXBuildFile section */
		7F5F33CC282245B9006D2520 /* class0504App.swift in Sources */ = {isa = PBXBuildFile; fileRef = 7F5F33CB282245B9006D2520 /* class0504App.swift */; };
		7F5F33CE282245B9006D2520 /* ContentView.swift in Sources */ = {isa = PBXBuildFile; fileRef = 7F5F33CD282245B9006D2520 /* ContentView.swift */; };
		7F5F33D0282245BA006D2520 /* Assets.xcassets in Resources */ = {isa = PBXBuildFile; fileRef = 7F5F33CF282245BA006D2520 /* Assets.xcassets */; };
		7F5F33D3282245BA006D2520 /* Preview Assets.xcassets in Resources */ = {isa = PBXBuildFile; fileRef = 7F5F33D2282245BA006D2520 /* Preview Assets.xcassets */; };
		7F5F33DD282245BA006D2520 /* class0504Tests.swift in Sources */ = {isa = PBXBuildFile; fileRef = 7F5F33DC282245BA006D2520 /* class0504Tests.swift */; };
		7F5F33E7282245BA006D2520 /* class0504UITests.swift in Sources */ = {isa = PBXBuildFile; fileRef = 7F5F33E6282245BA006D2520 /* class0504UITests.swift */; };
		7F5F33E9282245BA006D2520 /* class0504UITestsLaunchTests.swift in Sources */ = {isa = PBXBuildFile; fileRef = 7F5F33E8282245BA006D2520 /* class0504UITestsLaunchTests.swift */; };
/* End PBXBuildFile section */

/* Begin PBXContainerItemProxy section */
		7F5F33D9282245BA006D2520 /* PBXContainerItemProxy */ = {
			isa = PBXContainerItemProxy;
			containerPortal = 7F5F33C0282245B9006D2520 /* Project object */;
			proxyType = 1;
			remoteGlobalIDString = 7F5F33C7282245B9006D2520;
			remoteInfo = class0504;
		};
		7F5F33E3282245BA006D2520 /* PBXContainerItemProxy */ = {
			isa = PBXContainerItemProxy;
			containerPortal = 7F5F33C0282245B9006D2520 /* Project object */;
			proxyType = 1;
			remoteGlobalIDString = 7F5F33C7282245B9006D2520;
			remoteInfo = class0504;
		};
/* End PBXContainerItemProxy section */

/* Begin PBXFileReference section */
		7F5F33C8282245B9006D2520 /* class0504.app */ = {isa = PBXFileReference; explicitFileType = wrapper.application; includeInIndex = 0; path = class0504.app; sourceTree = BUILT_PRODUCTS_DIR; };
		7F5F33CB282245B9006D2520 /* class0504App.swift */ = {isa = PBXFileReference; lastKnownFileType = sourcecode.swift; path = class0504App.swift; sourceTree = "<group>"; };
		7F5F33CD282245B9006D2520 /* ContentView.swift */ = {isa = PBXFileReference; lastKnownFileType = sourcecode.swift; path = ContentView.swift; sourceTree = "<group>"; };
		7F5F33CF282245BA006D2520 /* Assets.xcassets */ = {isa = PBXFileReference; lastKnownFileType = folder.assetcatalog; path = Assets.xcassets; sourceTree = "<group>"; };
		7F5F33D2282245BA006D2520 /* Preview Assets.xcassets */ = {isa = PBXFileReference; lastKnownFileType = folder.assetcatalog; path = "Preview Assets.xcassets"; sourceTree = "<group>"; };
		7F5F33D8282245BA006D2520 /* class0504Tests.xctest */ = {isa = PBXFileReference; explicitFileType = wrapper.cfbundle; includeInIndex = 0; path = class0504Tests.xctest; sourceTree = BUILT_PRODUCTS_DIR; };
		7F5F33DC282245BA006D2520 /* class0504Tests.swift */ = {isa = PBXFileReference; lastKnownFileType = sourcecode.swift; path = class0504Tests.swift; sourceTree = "<group>"; };
		7F5F33E2282245BA006D2520 /* class0504UITests.xctest */ = {isa = PBXFileReference; explicitFileType = wrapper.cfbundle; includeInIndex = 0; path = class0504UITests.xctest; sourceTree = BUILT_PRODUCTS_DIR; };
		7F5F33E6282245BA006D2520 /* class0504UITests.swift */ = {isa = PBXFileReference; lastKnownFileType = sourcecode.swift; path = class0504UITests.swift; sourceTree = "<group>"; };
		7F5F33E8282245BA006D2520 /* class0504UITestsLaunchTests.swift */ = {isa = PBXFileReference; lastKnownFileType = sourcecode.swift; path = class0504UITestsLaunchTests.swift; sourceTree = "<group>"; };
/* End PBXFileReference section */

/* Begin PBXFrameworksBuildPhase section */
		7F5F33C5282245B9006D2520 /* Frameworks */ = {
			isa = PBXFrameworksBuildPhase;
			buildActionMask = 2147483647;
			files = (
			);
			runOnlyForDeploymentPostprocessing = 0;
		};
		7F5F33D5282245BA006D2520 /* Frameworks */ = {
			isa = PBXFrameworksBuildPhase;
			buildActionMask = 2147483647;
			files = (
			);
			runOnlyForDeploymentPostprocessing = 0;
		};
		7F5F33DF282245BA006D2520 /* Frameworks */ = {
			isa = PBXFrameworksBuildPhase;
			buildActionMask = 2147483647;
			files = (
			);
			runOnlyForDeploymentPostprocessing = 0;
		};
/* End PBXFrameworksBuildPhase section */

/* Begin PBXGroup section */
		7F5F33BF282245B9006D2520 = {
			isa = PBXGroup;
			children = (
				7F5F33CA282245B9006D2520 /* class0504 */,
				7F5F33DB282245BA006D2520 /* class0504Tests */,
				7F5F33E5282245BA006D2520 /* class0504UITests */,
				7F5F33C9282245B9006D2520 /* Products */,
			);
			sourceTree = "<group>";
		};
		7F5F33C9282245B9006D2520 /* Products */ = {
			isa = PBXGroup;
			children = (
				7F5F33C8282245B9006D2520 /* class0504.app */,
				7F5F33D8282245BA006D2520 /* class0504Tests.xctest */,
				7F5F33E2282245BA006D2520 /* class0504UITests.xctest */,
			);
			name = Products;
			sourceTree = "<group>";
		};
		7F5F33CA282245B9006D2520 /* class0504 */ = {
			isa = PBXGroup;
			children = (
				7F5F33CB282245B9006D2520 /* class0504App.swift */,
				7F5F33CD282245B9006D2520 /* ContentView.swift */,
				7F5F33CF282245BA006D2520 /* Assets.xcassets */,
				7F5F33D1282245BA006D2520 /* Preview Content */,
			);
			path = class0504;
			sourceTree = "<group>";
		};
		7F5F33D1282245BA006D2520 /* Preview Content */ = {
			isa = PBXGroup;
			children = (
				7F5F33D2282245BA006D2520 /* Preview Assets.xcassets */,
			);
			path = "Preview Content";
			sourceTree = "<group>";
		};
		7F5F33DB282245BA006D2520 /* class0504Tests */ = {
			isa = PBXGroup;
			children = (
				7F5F33DC282245BA006D2520 /* class0504Tests.swift */,
			);
			path = class0504Tests;
			sourceTree = "<group>";
		};
		7F5F33E5282245BA006D2520 /* class0504UITests */ = {
			isa = PBXGroup;
			children = (
				7F5F33E6282245BA006D2520 /* class0504UITests.swift */,
				7F5F33E8282245BA006D2520 /* class0504UITestsLaunchTests.swift */,
			);
			path = class0504UITests;
			sourceTree = "<group>";
		};
/* End PBXGroup section */

/* Begin PBXNativeTarget section */
		7F5F33C7282245B9006D2520 /* class0504 */ = {
			isa = PBXNativeTarget;
			buildConfigurationList = 7F5F33EC282245BA006D2520 /* Build configuration list for PBXNativeTarget "class0504" */;
			buildPhases = (
				7F5F33C4282245B9006D2520 /* Sources */,
				7F5F33C5282245B9006D2520 /* Frameworks */,
				7F5F33C6282245B9006D2520 /* Resources */,
			);
			buildRules = (
			);
			dependencies = (
			);
			name = class0504;
			productName = class0504;
			productReference = 7F5F33C8282245B9006D2520 /* class0504.app */;
			productType = "com.apple.product-type.application";
		};
		7F5F33D7282245BA006D2520 /* class0504Tests */ = {
			isa = PBXNativeTarget;
			buildConfigurationList = 7F5F33EF282245BA006D2520 /* Build configuration list for PBXNativeTarget "class0504Tests" */;
			buildPhases = (
				7F5F33D4282245BA006D2520 /* Sources */,
				7F5F33D5282245BA006D2520 /* Frameworks */,
				7F5F33D6282245BA006D2520 /* Resources */,
			);
			buildRules = (
			);
			dependencies = (
				7F5F33DA282245BA006D2520 /* PBXTargetDependency */,
			);
			name = class0504Tests;
			productName = class0504Tests;
			productReference = 7F5F33D8282245BA006D2520 /* class0504Tests.xctest */;
			productType = "com.apple.product-type.bundle.unit-test";
		};
		7F5F33E1282245BA006D2520 /* class0504UITests */ = {
			isa = PBXNativeTarget;
			buildConfigurationList = 7F5F33F2282245BA006D2520 /* Build configuration list for PBXNativeTarget "class0504UITests" */;
			buildPhases = (
				7F5F33DE282245BA006D2520 /* Sources */,
				7F5F33DF282245BA006D2520 /* Frameworks */,
				7F5F33E0282245BA006D2520 /* Resources */,
			);
			buildRules = (
			);
			dependencies = (
				7F5F33E4282245BA006D2520 /* PBXTargetDependency */,
			);
			name = class0504UITests;
			productName = class0504UITests;
			productReference = 7F5F33E2282245BA006D2520 /* class0504UITests.xctest */;
			productType = "com.apple.product-type.bundle.ui-testing";
		};
/* End PBXNativeTarget section */

/* Begin PBXProject section */
		7F5F33C0282245B9006D2520 /* Project object */ = {
			isa = PBXProject;
			attributes = {
				BuildIndependentTargetsInParallel = 1;
				LastSwiftUpdateCheck = 1320;
				LastUpgradeCheck = 1320;
				TargetAttributes = {
					7F5F33C7282245B9006D2520 = {
						CreatedOnToolsVersion = 13.2.1;
					};
					7F5F33D7282245BA006D2520 = {
						CreatedOnToolsVersion = 13.2.1;
						TestTargetID = 7F5F33C7282245B9006D2520;
					};
					7F5F33E1282245BA006D2520 = {
						CreatedOnToolsVersion = 13.2.1;
						TestTargetID = 7F5F33C7282245B9006D2520;
					};
				};
			};
			buildConfigurationList = 7F5F33C3282245B9006D2520 /* Build configuration list for PBXProject "class0504" */;
			compatibilityVersion = "Xcode 13.0";
			developmentRegion = en;
			hasScannedForEncodings = 0;
			knownRegions = (
				en,
				Base,
			);
			mainGroup = 7F5F33BF282245B9006D2520;
			productRefGroup = 7F5F33C9282245B9006D2520 /* Products */;
			projectDirPath = "";
			projectRoot = "";
			targets = (
				7F5F33C7282245B9006D2520 /* class0504 */,
				7F5F33D7282245BA006D2520 /* class0504Tests */,
				7F5F33E1282245BA006D2520 /* class0504UITests */,
			);
		};
/* End PBXProject section */

/* Begin PBXResourcesBuildPhase section */
		7F5F33C6282245B9006D2520 /* Resources */ = {
			isa = PBXResourcesBuildPhase;
			buildActionMask = 2147483647;
			files = (
				7F5F33D3282245BA006D2520 /* Preview Assets.xcassets in Resources */,
				7F5F33D0282245BA006D2520 /* Assets.xcassets in Resources */,
			);
			runOnlyForDeploymentPostprocessing = 0;
		};
		7F5F33D6282245BA006D2520 /* Resources */ = {
			isa = PBXResourcesBuildPhase;
			buildActionMask = 2147483647;
			files = (
			);
			runOnlyForDeploymentPostprocessing = 0;
		};
		7F5F33E0282245BA006D2520 /* Resources */ = {
			isa = PBXResourcesBuildPhase;
			buildActionMask = 2147483647;
			files = (
			);
			runOnlyForDeploymentPostprocessing = 0;
		};
/* End PBXResourcesBuildPhase section */

/* Begin PBXSourcesBuildPhase section */
		7F5F33C4282245B9006D2520 /* Sources */ = {
			isa = PBXSourcesBuildPhase;
			buildActionMask = 2147483647;
			files = (
				7F5F33CE282245B9006D2520 /* ContentView.swift in Sources */,
				7F5F33CC282245B9006D2520 /* class0504App.swift in Sources */,
			);
			runOnlyForDeploymentPostprocessing = 0;
		};
		7F5F33D4282245BA006D2520 /* Sources */ = {
			isa = PBXSourcesBuildPhase;
			buildActionMask = 2147483647;
			files = (
				7F5F33DD282245BA006D2520 /* class0504Tests.swift in Sources */,
			);
			runOnlyForDeploymentPostprocessing = 0;
		};
		7F5F33DE282245BA006D2520 /* Sources */ = {
			isa = PBXSourcesBuildPhase;
			buildActionMask = 2147483647;
			files = (
				7F5F33E9282245BA006D2520 /* class0504UITestsLaunchTests.swift in Sources */,
				7F5F33E7282245BA006D2520 /* class0504UITests.swift in Sources */,
			);
			runOnlyForDeploymentPostprocessing = 0;
		};
/* End PBXSourcesBuildPhase section */

/* Begin PBXTargetDependency section */
		7F5F33DA282245BA006D2520 /* PBXTargetDependency */ = {
			isa = PBXTargetDependency;
			target = 7F5F33C7282245B9006D2520 /* class0504 */;
			targetProxy = 7F5F33D9282245BA006D2520 /* PBXContainerItemProxy */;
		};
		7F5F33E4282245BA006D2520 /* PBXTargetDependency */ = {
			isa = PBXTargetDependency;
			target = 7F5F33C7282245B9006D2520 /* class0504 */;
			targetProxy = 7F5F33E3282245BA006D2520 /* PBXContainerItemProxy */;
		};
/* End PBXTargetDependency section */

/* Begin XCBuildConfiguration section */
		7F5F33EA282245BA006D2520 /* Debug */ = {
			isa = XCBuildConfiguration;
			buildSettings = {
				ALWAYS_SEARCH_USER_PATHS = NO;
				CLANG_ANALYZER_NONNULL = YES;
				CLANG_ANALYZER_NUMBER_OBJECT_CONVERSION = YES_AGGRESSIVE;
				CLANG_CXX_LANGUAGE_STANDARD = "gnu++17";
				CLANG_CXX_LIBRARY = "libc++";
				CLANG_ENABLE_MODULES = YES;
				CLANG_ENABLE_OBJC_ARC = YES;
				CLANG_ENABLE_OBJC_WEAK = YES;
				CLANG_WARN_BLOCK_CAPTURE_AUTORELEASING = YES;
				CLANG_WARN_BOOL_CONVERSION = YES;
				CLANG_WARN_COMMA = YES;
				CLANG_WARN_CONSTANT_CONVERSION = YES;
				CLANG_WARN_DEPRECATED_OBJC_IMPLEMENTATIONS = YES;
				CLANG_WARN_DIRECT_OBJC_ISA_USAGE = YES_ERROR;
				CLANG_WARN_DOCUMENTATION_COMMENTS = YES;
				CLANG_WARN_EMPTY_BODY = YES;
				CLANG_WARN_ENUM_CONVERSION = YES;
				CLANG_WARN_INFINITE_RECURSION = YES;
				CLANG_WARN_INT_CONVERSION = YES;
				CLANG_WARN_NON_LITERAL_NULL_CONVERSION = YES;
				CLANG_WARN_OBJC_IMPLICIT_RETAIN_SELF = YES;
				CLANG_WARN_OBJC_LITERAL_CONVERSION = YES;
				CLANG_WARN_OBJC_ROOT_CLASS = YES_ERROR;
				CLANG_WARN_QUOTED_INCLUDE_IN_FRAMEWORK_HEADER = YES;
				CLANG_WARN_RANGE_LOOP_ANALYSIS = YES;
				CLANG_WARN_STRICT_PROTOTYPES = YES;
				CLANG_WARN_SUSPICIOUS_MOVE = YES;
				CLANG_WARN_UNGUARDED_AVAILABILITY = YES_AGGRESSIVE;
				CLANG_WARN_UNREACHABLE_CODE = YES;
				CLANG_WARN__DUPLICATE_METHOD_MATCH = YES;
				COPY_PHASE_STRIP = NO;
				DEBUG_INFORMATION_FORMAT = dwarf;
				ENABLE_STRICT_OBJC_MSGSEND = YES;
				ENABLE_TESTABILITY = YES;
				GCC_C_LANGUAGE_STANDARD = gnu11;
				GCC_DYNAMIC_NO_PIC = NO;
				GCC_NO_COMMON_BLOCKS = YES;
				GCC_OPTIMIZATION_LEVEL = 0;
				GCC_PREPROCESSOR_DEFINITIONS = (
					"DEBUG=1",
					"$(inherited)",
				);
				GCC_WARN_64_TO_32_BIT_CONVERSION = YES;
				GCC_WARN_ABOUT_RETURN_TYPE = YES_ERROR;
				GCC_WARN_UNDECLARED_SELECTOR = YES;
				GCC_WARN_UNINITIALIZED_AUTOS = YES_AGGRESSIVE;
				GCC_WARN_UNUSED_FUNCTION = YES;
				GCC_WARN_UNUSED_VARIABLE = YES;
				IPHONEOS_DEPLOYMENT_TARGET = 15.2;
				MTL_ENABLE_DEBUG_INFO = INCLUDE_SOURCE;
				MTL_FAST_MATH = YES;
				ONLY_ACTIVE_ARCH = YES;
				SDKROOT = iphoneos;
				SWIFT_ACTIVE_COMPILATION_CONDITIONS = DEBUG;
				SWIFT_OPTIMIZATION_LEVEL = "-Onone";
			};
			name = Debug;
		};
		7F5F33EB282245BA006D2520 /* Release */ = {
			isa = XCBuildConfiguration;
			buildSettings = {
				ALWAYS_SEARCH_USER_PATHS = NO;
				CLANG_ANALYZER_NONNULL = YES;
				CLANG_ANALYZER_NUMBER_OBJECT_CONVERSION = YES_AGGRESSIVE;
				CLANG_CXX_LANGUAGE_STANDARD = "gnu++17";
				CLANG_CXX_LIBRARY = "libc++";
				CLANG_ENABLE_MODULES = YES;
				CLANG_ENABLE_OBJC_ARC = YES;
				CLANG_ENABLE_OBJC_WEAK = YES;
				CLANG_WARN_BLOCK_CAPTURE_AUTORELEASING = YES;
				CLANG_WARN_BOOL_CONVERSION = YES;
				CLANG_WARN_COMMA = YES;
				CLANG_WARN_CONSTANT_CONVERSION = YES;
				CLANG_WARN_DEPRECATED_OBJC_IMPLEMENTATIONS = YES;
				CLANG_WARN_DIRECT_OBJC_ISA_USAGE = YES_ERROR;
				CLANG_WARN_DOCUMENTATION_COMMENTS = YES;
				CLANG_WARN_EMPTY_BODY = YES;
				CLANG_WARN_ENUM_CONVERSION = YES;
				CLANG_WARN_INFINITE_RECURSION = YES;
				CLANG_WARN_INT_CONVERSION = YES;
				CLANG_WARN_NON_LITERAL_NULL_CONVERSION = YES;
				CLANG_WARN_OBJC_IMPLICIT_RETAIN_SELF = YES;
				CLANG_WARN_OBJC_LITERAL_CONVERSION = YES;
				CLANG_WARN_OBJC_ROOT_CLASS = YES_ERROR;
				CLANG_WARN_QUOTED_INCLUDE_IN_FRAMEWORK_HEADER = YES;
				CLANG_WARN_RANGE_LOOP_ANALYSIS = YES;
				CLANG_WARN_STRICT_PROTOTYPES = YES;
				CLANG_WARN_SUSPICIOUS_MOVE = YES;
				CLANG_WARN_UNGUARDED_AVAILABILITY = YES_AGGRESSIVE;
				CLANG_WARN_UNREACHABLE_CODE = YES;
				CLANG_WARN__DUPLICATE_METHOD_MATCH = YES;
				COPY_PHASE_STRIP = NO;
				DEBUG_INFORMATION_FORMAT = "dwarf-with-dsym";
				ENABLE_NS_ASSERTIONS = NO;
				ENABLE_STRICT_OBJC_MSGSEND = YES;
				GCC_C_LANGUAGE_STANDARD = gnu11;
				GCC_NO_COMMON_BLOCKS = YES;
				GCC_WARN_64_TO_32_BIT_CONVERSION = YES;
				GCC_WARN_ABOUT_RETURN_TYPE = YES_ERROR;
				GCC_WARN_UNDECLARED_SELECTOR = YES;
				GCC_WARN_UNINITIALIZED_AUTOS = YES_AGGRESSIVE;
				GCC_WARN_UNUSED_FUNCTION = YES;
				GCC_WARN_UNUSED_VARIABLE = YES;
				IPHONEOS_DEPLOYMENT_TARGET = 15.2;
				MTL_ENABLE_DEBUG_INFO = NO;
				MTL_FAST_MATH = YES;
				SDKROOT = iphoneos;
				SWIFT_COMPILATION_MODE = wholemodule;
				SWIFT_OPTIMIZATION_LEVEL = "-O";
				VALIDATE_PRODUCT = YES;
			};
			name = Release;
		};
		7F5F33ED282245BA006D2520 /* Debug */ = {
			isa = XCBuildConfiguration;
			buildSettings = {
				ASSETCATALOG_COMPILER_APPICON_NAME = AppIcon;
				ASSETCATALOG_COMPILER_GLOBAL_ACCENT_COLOR_NAME = AccentColor;
				CODE_SIGN_STYLE = Automatic;
				CURRENT_PROJECT_VERSION = 1;
				DEVELOPMENT_ASSET_PATHS = "\"class0504/Preview Content\"";
				DEVELOPMENT_TEAM = 9745KUMS24;
				ENABLE_PREVIEWS = YES;
				GENERATE_INFOPLIST_FILE = YES;
				INFOPLIST_KEY_UIApplicationSceneManifest_Generation = YES;
				INFOPLIST_KEY_UIApplicationSupportsIndirectInputEvents = YES;
				INFOPLIST_KEY_UILaunchScreen_Generation = YES;
				INFOPLIST_KEY_UISupportedInterfaceOrientations_iPad = "UIInterfaceOrientationPortrait UIInterfaceOrientationPortraitUpsideDown UIInterfaceOrientationLandscapeLeft UIInterfaceOrientationLandscapeRight";
				INFOPLIST_KEY_UISupportedInterfaceOrientations_iPhone = "UIInterfaceOrientationPortrait UIInterfaceOrientationLandscapeLeft UIInterfaceOrientationLandscapeRight";
				LD_RUNPATH_SEARCH_PATHS = (
					"$(inherited)",
					"@executable_path/Frameworks",
				);
				MARKETING_VERSION = 1.0;
				PRODUCT_BUNDLE_IDENTIFIER = andylee.class0504;
				PRODUCT_NAME = "$(TARGET_NAME)";
				SWIFT_EMIT_LOC_STRINGS = YES;
				SWIFT_VERSION = 5.0;
				TARGETED_DEVICE_FAMILY = "1,2";
			};
			name = Debug;
		};
		7F5F33EE282245BA006D2520 /* Release */ = {
			isa = XCBuildConfiguration;
			buildSettings = {
				ASSETCATALOG_COMPILER_APPICON_NAME = AppIcon;
				ASSETCATALOG_COMPILER_GLOBAL_ACCENT_COLOR_NAME = AccentColor;
				CODE_SIGN_STYLE = Automatic;
				CURRENT_PROJECT_VERSION = 1;
				DEVELOPMENT_ASSET_PATHS = "\"class0504/Preview Content\"";
				DEVELOPMENT_TEAM = 9745KUMS24;
				ENABLE_PREVIEWS = YES;
				GENERATE_INFOPLIST_FILE = YES;
				INFOPLIST_KEY_UIApplicationSceneManifest_Generation = YES;
				INFOPLIST_KEY_UIApplicationSupportsIndirectInputEvents = YES;
				INFOPLIST_KEY_UILaunchScreen_Generation = YES;
				INFOPLIST_KEY_UISupportedInterfaceOrientations_iPad = "UIInterfaceOrientationPortrait UIInterfaceOrientationPortraitUpsideDown UIInterfaceOrientationLandscapeLeft UIInterfaceOrientationLandscapeRight";
				INFOPLIST_KEY_UISupportedInterfaceOrientations_iPhone = "UIInterfaceOrientationPortrait UIInterfaceOrientationLandscapeLeft UIInterfaceOrientationLandscapeRight";
				LD_RUNPATH_SEARCH_PATHS = (
					"$(inherited)",
					"@executable_path/Frameworks",
				);
				MARKETING_VERSION = 1.0;
				PRODUCT_BUNDLE_IDENTIFIER = andylee.class0504;
				PRODUCT_NAME = "$(TARGET_NAME)";
				SWIFT_EMIT_LOC_STRINGS = YES;
				SWIFT_VERSION = 5.0;
				TARGETED_DEVICE_FAMILY = "1,2";
			};
			name = Release;
		};
		7F5F33F0282245BA006D2520 /* Debug */ = {
			isa = XCBuildConfiguration;
			buildSettings = {
				ALWAYS_EMBED_SWIFT_STANDARD_LIBRARIES = YES;
				BUNDLE_LOADER = "$(TEST_HOST)";
				CODE_SIGN_STYLE = Automatic;
				CURRENT_PROJECT_VERSION = 1;
				DEVELOPMENT_TEAM = 9745KUMS24;
				GENERATE_INFOPLIST_FILE = YES;
				IPHONEOS_DEPLOYMENT_TARGET = 15.2;
				MARKETING_VERSION = 1.0;
				PRODUCT_BUNDLE_IDENTIFIER = andylee.class0504Tests;
				PRODUCT_NAME = "$(TARGET_NAME)";
				SWIFT_EMIT_LOC_STRINGS = NO;
				SWIFT_VERSION = 5.0;
				TARGETED_DEVICE_FAMILY = "1,2";
				TEST_HOST = "$(BUILT_PRODUCTS_DIR)/class0504.app/class0504";
			};
			name = Debug;
		};
		7F5F33F1282245BA006D2520 /* Release */ = {
			isa = XCBuildConfiguration;
			buildSettings = {
				ALWAYS_EMBED_SWIFT_STANDARD_LIBRARIES = YES;
				BUNDLE_LOADER = "$(TEST_HOST)";
				CODE_SIGN_STYLE = Automatic;
				CURRENT_PROJECT_VERSION = 1;
				DEVELOPMENT_TEAM = 9745KUMS24;
				GENERATE_INFOPLIST_FILE = YES;
				IPHONEOS_DEPLOYMENT_TARGET = 15.2;
				MARKETING_VERSION = 1.0;
				PRODUCT_BUNDLE_IDENTIFIER = andylee.class0504Tests;
				PRODUCT_NAME = "$(TARGET_NAME)";
				SWIFT_EMIT_LOC_STRINGS = NO;
				SWIFT_VERSION = 5.0;
				TARGETED_DEVICE_FAMILY = "1,2";
				TEST_HOST = "$(BUILT_PRODUCTS_DIR)/class0504.app/class0504";
			};
			name = Release;
		};
		7F5F33F3282245BA006D2520 /* Debug */ = {
			isa = XCBuildConfiguration;
			buildSettings = {
				ALWAYS_EMBED_SWIFT_STANDARD_LIBRARIES = YES;
				CODE_SIGN_STYLE = Automatic;
				CURRENT_PROJECT_VERSION = 1;
				DEVELOPMENT_TEAM = 9745KUMS24;
				GENERATE_INFOPLIST_FILE = YES;
				MARKETING_VERSION = 1.0;
				PRODUCT_BUNDLE_IDENTIFIER = andylee.class0504UITests;
				PRODUCT_NAME = "$(TARGET_NAME)";
				SWIFT_EMIT_LOC_STRINGS = NO;
				SWIFT_VERSION = 5.0;
				TARGETED_DEVICE_FAMILY = "1,2";
				TEST_TARGET_NAME = class0504;
			};
			name = Debug;
		};
		7F5F33F4282245BA006D2520 /* Release */ = {
			isa = XCBuildConfiguration;
			buildSettings = {
				ALWAYS_EMBED_SWIFT_STANDARD_LIBRARIES = YES;
				CODE_SIGN_STYLE = Automatic;
				CURRENT_PROJECT_VERSION = 1;
				DEVELOPMENT_TEAM = 9745KUMS24;
				GENERATE_INFOPLIST_FILE = YES;
				MARKETING_VERSION = 1.0;
				PRODUCT_BUNDLE_IDENTIFIER = andylee.class0504UITests;
				PRODUCT_NAME = "$(TARGET_NAME)";
				SWIFT_EMIT_LOC_STRINGS = NO;
				SWIFT_VERSION = 5.0;
				TARGETED_DEVICE_FAMILY = "1,2";
				TEST_TARGET_NAME = class0504;
			};
			name = Release;
		};
/* End XCBuildConfiguration section */

/* Begin XCConfigurationList section */
		7F5F33C3282245B9006D2520 /* Build configuration list for PBXProject "class0504" */ = {
			isa = XCConfigurationList;
			buildConfigurations = (
				7F5F33EA282245BA006D2520 /* Debug */,
				7F5F33EB282245BA006D2520 /* Release */,
			);
			defaultConfigurationIsVisible = 0;
			defaultConfigurationName = Release;
		};
		7F5F33EC282245BA006D2520 /* Build configuration list for PBXNativeTarget "class0504" */ = {
			isa = XCConfigurationList;
			buildConfigurations = (
				7F5F33ED282245BA006D2520 /* Debug */,
				7F5F33EE282245BA006D2520 /* Release */,
			);
			defaultConfigurationIsVisible = 0;
			defaultConfigurationName = Release;
		};
		7F5F33EF282245BA006D2520 /* Build configuration list for PBXNativeTarget "class0504Tests" */ = {
			isa = XCConfigurationList;
			buildConfigurations = (
				7F5F33F0282245BA006D2520 /* Debug */,
				7F5F33F1282245BA006D2520 /* Release */,
			);
			defaultConfigurationIsVisible = 0;
			defaultConfigurationName = Release;
		};
		7F5F33F2282245BA006D2520 /* Build configuration list for PBXNativeTarget "class0504UITests" */ = {
			isa = XCConfigurationList;
			buildConfigurations = (
				7F5F33F3282245BA006D2520 /* Debug */,
				7F5F33F4282245BA006D2520 /* Release */,
			);
			defaultConfigurationIsVisible = 0;
			defaultConfigurationName = Release;
		};
/* End XCConfigurationList section */
	};
	rootObject = 7F5F33C0282245B9006D2520 /* Project object */;
}
