// !$*UTF8*$!
{
	archiveVersion = 1;
	classes = {
	};
	objectVersion = 55;
	objects = {

/* Begin PBXBuildFile section */
		7F3A9EBB27D5C9A000FE5A7A /* AppDelegate.swift in Sources */ = {isa = PBXBuildFile; fileRef = 7F3A9EBA27D5C9A000FE5A7A /* AppDelegate.swift */; };
		7F3A9EBD27D5C9A000FE5A7A /* SceneDelegate.swift in Sources */ = {isa = PBXBuildFile; fileRef = 7F3A9EBC27D5C9A000FE5A7A /* SceneDelegate.swift */; };
		7F3A9EBF27D5C9A000FE5A7A /* ViewController.swift in Sources */ = {isa = PBXBuildFile; fileRef = 7F3A9EBE27D5C9A000FE5A7A /* ViewController.swift */; };
		7F3A9EC227D5C9A000FE5A7A /* Main.storyboard in Resources */ = {isa = PBXBuildFile; fileRef = 7F3A9EC027D5C9A000FE5A7A /* Main.storyboard */; };
		7F3A9EC427D5C9A100FE5A7A /* Assets.xcassets in Resources */ = {isa = PBXBuildFile; fileRef = 7F3A9EC327D5C9A100FE5A7A /* Assets.xcassets */; };
		7F3A9EC727D5C9A100FE5A7A /* LaunchScreen.storyboard in Resources */ = {isa = PBXBuildFile; fileRef = 7F3A9EC527D5C9A100FE5A7A /* LaunchScreen.storyboard */; };
		7F3A9ED227D5C9A100FE5A7A /* BMITests.swift in Sources */ = {isa = PBXBuildFile; fileRef = 7F3A9ED127D5C9A100FE5A7A /* BMITests.swift */; };
		7F3A9EDC27D5C9A100FE5A7A /* BMIUITests.swift in Sources */ = {isa = PBXBuildFile; fileRef = 7F3A9EDB27D5C9A100FE5A7A /* BMIUITests.swift */; };
		7F3A9EDE27D5C9A100FE5A7A /* BMIUITestsLaunchTests.swift in Sources */ = {isa = PBXBuildFile; fileRef = 7F3A9EDD27D5C9A100FE5A7A /* BMIUITestsLaunchTests.swift */; };
/* End PBXBuildFile section */

/* Begin PBXContainerItemProxy section */
		7F3A9ECE27D5C9A100FE5A7A /* PBXContainerItemProxy */ = {
			isa = PBXContainerItemProxy;
			containerPortal = 7F3A9EAF27D5C9A000FE5A7A /* Project object */;
			proxyType = 1;
			remoteGlobalIDString = 7F3A9EB627D5C9A000FE5A7A;
			remoteInfo = BMI;
		};
		7F3A9ED827D5C9A100FE5A7A /* PBXContainerItemProxy */ = {
			isa = PBXContainerItemProxy;
			containerPortal = 7F3A9EAF27D5C9A000FE5A7A /* Project object */;
			proxyType = 1;
			remoteGlobalIDString = 7F3A9EB627D5C9A000FE5A7A;
			remoteInfo = BMI;
		};
/* End PBXContainerItemProxy section */

/* Begin PBXFileReference section */
		7F3A9EB727D5C9A000FE5A7A /* BMI.app */ = {isa = PBXFileReference; explicitFileType = wrapper.application; includeInIndex = 0; path = BMI.app; sourceTree = BUILT_PRODUCTS_DIR; };
		7F3A9EBA27D5C9A000FE5A7A /* AppDelegate.swift */ = {isa = PBXFileReference; lastKnownFileType = sourcecode.swift; path = AppDelegate.swift; sourceTree = "<group>"; };
		7F3A9EBC27D5C9A000FE5A7A /* SceneDelegate.swift */ = {isa = PBXFileReference; lastKnownFileType = sourcecode.swift; path = SceneDelegate.swift; sourceTree = "<group>"; };
		7F3A9EBE27D5C9A000FE5A7A /* ViewController.swift */ = {isa = PBXFileReference; lastKnownFileType = sourcecode.swift; path = ViewController.swift; sourceTree = "<group>"; };
		7F3A9EC127D5C9A000FE5A7A /* Base */ = {isa = PBXFileReference; lastKnownFileType = file.storyboard; name = Base; path = Base.lproj/Main.storyboard; sourceTree = "<group>"; };
		7F3A9EC327D5C9A100FE5A7A /* Assets.xcassets */ = {isa = PBXFileReference; lastKnownFileType = folder.assetcatalog; path = Assets.xcassets; sourceTree = "<group>"; };
		7F3A9EC627D5C9A100FE5A7A /* Base */ = {isa = PBXFileReference; lastKnownFileType = file.storyboard; name = Base; path = Base.lproj/LaunchScreen.storyboard; sourceTree = "<group>"; };
		7F3A9EC827D5C9A100FE5A7A /* Info.plist */ = {isa = PBXFileReference; lastKnownFileType = text.plist.xml; path = Info.plist; sourceTree = "<group>"; };
		7F3A9ECD27D5C9A100FE5A7A /* BMITests.xctest */ = {isa = PBXFileReference; explicitFileType = wrapper.cfbundle; includeInIndex = 0; path = BMITests.xctest; sourceTree = BUILT_PRODUCTS_DIR; };
		7F3A9ED127D5C9A100FE5A7A /* BMITests.swift */ = {isa = PBXFileReference; lastKnownFileType = sourcecode.swift; path = BMITests.swift; sourceTree = "<group>"; };
		7F3A9ED727D5C9A100FE5A7A /* BMIUITests.xctest */ = {isa = PBXFileReference; explicitFileType = wrapper.cfbundle; includeInIndex = 0; path = BMIUITests.xctest; sourceTree = BUILT_PRODUCTS_DIR; };
		7F3A9EDB27D5C9A100FE5A7A /* BMIUITests.swift */ = {isa = PBXFileReference; lastKnownFileType = sourcecode.swift; path = BMIUITests.swift; sourceTree = "<group>"; };
		7F3A9EDD27D5C9A100FE5A7A /* BMIUITestsLaunchTests.swift */ = {isa = PBXFileReference; lastKnownFileType = sourcecode.swift; path = BMIUITestsLaunchTests.swift; sourceTree = "<group>"; };
/* End PBXFileReference section */

/* Begin PBXFrameworksBuildPhase section */
		7F3A9EB427D5C9A000FE5A7A /* Frameworks */ = {
			isa = PBXFrameworksBuildPhase;
			buildActionMask = 2147483647;
			files = (
			);
			runOnlyForDeploymentPostprocessing = 0;
		};
		7F3A9ECA27D5C9A100FE5A7A /* Frameworks */ = {
			isa = PBXFrameworksBuildPhase;
			buildActionMask = 2147483647;
			files = (
			);
			runOnlyForDeploymentPostprocessing = 0;
		};
		7F3A9ED427D5C9A100FE5A7A /* Frameworks */ = {
			isa = PBXFrameworksBuildPhase;
			buildActionMask = 2147483647;
			files = (
			);
			runOnlyForDeploymentPostprocessing = 0;
		};
/* End PBXFrameworksBuildPhase section */

/* Begin PBXGroup section */
		7F3A9EAE27D5C9A000FE5A7A = {
			isa = PBXGroup;
			children = (
				7F3A9EB927D5C9A000FE5A7A /* BMI */,
				7F3A9ED027D5C9A100FE5A7A /* BMITests */,
				7F3A9EDA27D5C9A100FE5A7A /* BMIUITests */,
				7F3A9EB827D5C9A000FE5A7A /* Products */,
			);
			sourceTree = "<group>";
		};
		7F3A9EB827D5C9A000FE5A7A /* Products */ = {
			isa = PBXGroup;
			children = (
				7F3A9EB727D5C9A000FE5A7A /* BMI.app */,
				7F3A9ECD27D5C9A100FE5A7A /* BMITests.xctest */,
				7F3A9ED727D5C9A100FE5A7A /* BMIUITests.xctest */,
			);
			name = Products;
			sourceTree = "<group>";
		};
		7F3A9EB927D5C9A000FE5A7A /* BMI */ = {
			isa = PBXGroup;
			children = (
				7F3A9EBA27D5C9A000FE5A7A /* AppDelegate.swift */,
				7F3A9EBC27D5C9A000FE5A7A /* SceneDelegate.swift */,
				7F3A9EBE27D5C9A000FE5A7A /* ViewController.swift */,
				7F3A9EC027D5C9A000FE5A7A /* Main.storyboard */,
				7F3A9EC327D5C9A100FE5A7A /* Assets.xcassets */,
				7F3A9EC527D5C9A100FE5A7A /* LaunchScreen.storyboard */,
				7F3A9EC827D5C9A100FE5A7A /* Info.plist */,
			);
			path = BMI;
			sourceTree = "<group>";
		};
		7F3A9ED027D5C9A100FE5A7A /* BMITests */ = {
			isa = PBXGroup;
			children = (
				7F3A9ED127D5C9A100FE5A7A /* BMITests.swift */,
			);
			path = BMITests;
			sourceTree = "<group>";
		};
		7F3A9EDA27D5C9A100FE5A7A /* BMIUITests */ = {
			isa = PBXGroup;
			children = (
				7F3A9EDB27D5C9A100FE5A7A /* BMIUITests.swift */,
				7F3A9EDD27D5C9A100FE5A7A /* BMIUITestsLaunchTests.swift */,
			);
			path = BMIUITests;
			sourceTree = "<group>";
		};
/* End PBXGroup section */

/* Begin PBXNativeTarget section */
		7F3A9EB627D5C9A000FE5A7A /* BMI */ = {
			isa = PBXNativeTarget;
			buildConfigurationList = 7F3A9EE127D5C9A100FE5A7A /* Build configuration list for PBXNativeTarget "BMI" */;
			buildPhases = (
				7F3A9EB327D5C9A000FE5A7A /* Sources */,
				7F3A9EB427D5C9A000FE5A7A /* Frameworks */,
				7F3A9EB527D5C9A000FE5A7A /* Resources */,
			);
			buildRules = (
			);
			dependencies = (
			);
			name = BMI;
			productName = BMI;
			productReference = 7F3A9EB727D5C9A000FE5A7A /* BMI.app */;
			productType = "com.apple.product-type.application";
		};
		7F3A9ECC27D5C9A100FE5A7A /* BMITests */ = {
			isa = PBXNativeTarget;
			buildConfigurationList = 7F3A9EE427D5C9A100FE5A7A /* Build configuration list for PBXNativeTarget "BMITests" */;
			buildPhases = (
				7F3A9EC927D5C9A100FE5A7A /* Sources */,
				7F3A9ECA27D5C9A100FE5A7A /* Frameworks */,
				7F3A9ECB27D5C9A100FE5A7A /* Resources */,
			);
			buildRules = (
			);
			dependencies = (
				7F3A9ECF27D5C9A100FE5A7A /* PBXTargetDependency */,
			);
			name = BMITests;
			productName = BMITests;
			productReference = 7F3A9ECD27D5C9A100FE5A7A /* BMITests.xctest */;
			productType = "com.apple.product-type.bundle.unit-test";
		};
		7F3A9ED627D5C9A100FE5A7A /* BMIUITests */ = {
			isa = PBXNativeTarget;
			buildConfigurationList = 7F3A9EE727D5C9A100FE5A7A /* Build configuration list for PBXNativeTarget "BMIUITests" */;
			buildPhases = (
				7F3A9ED327D5C9A100FE5A7A /* Sources */,
				7F3A9ED427D5C9A100FE5A7A /* Frameworks */,
				7F3A9ED527D5C9A100FE5A7A /* Resources */,
			);
			buildRules = (
			);
			dependencies = (
				7F3A9ED927D5C9A100FE5A7A /* PBXTargetDependency */,
			);
			name = BMIUITests;
			productName = BMIUITests;
			productReference = 7F3A9ED727D5C9A100FE5A7A /* BMIUITests.xctest */;
			productType = "com.apple.product-type.bundle.ui-testing";
		};
/* End PBXNativeTarget section */

/* Begin PBXProject section */
		7F3A9EAF27D5C9A000FE5A7A /* Project object */ = {
			isa = PBXProject;
			attributes = {
				BuildIndependentTargetsInParallel = 1;
				LastSwiftUpdateCheck = 1320;
				LastUpgradeCheck = 1320;
				TargetAttributes = {
					7F3A9EB627D5C9A000FE5A7A = {
						CreatedOnToolsVersion = 13.2.1;
					};
					7F3A9ECC27D5C9A100FE5A7A = {
						CreatedOnToolsVersion = 13.2.1;
						TestTargetID = 7F3A9EB627D5C9A000FE5A7A;
					};
					7F3A9ED627D5C9A100FE5A7A = {
						CreatedOnToolsVersion = 13.2.1;
						TestTargetID = 7F3A9EB627D5C9A000FE5A7A;
					};
				};
			};
			buildConfigurationList = 7F3A9EB227D5C9A000FE5A7A /* Build configuration list for PBXProject "BMI" */;
			compatibilityVersion = "Xcode 13.0";
			developmentRegion = en;
			hasScannedForEncodings = 0;
			knownRegions = (
				en,
				Base,
			);
			mainGroup = 7F3A9EAE27D5C9A000FE5A7A;
			productRefGroup = 7F3A9EB827D5C9A000FE5A7A /* Products */;
			projectDirPath = "";
			projectRoot = "";
			targets = (
				7F3A9EB627D5C9A000FE5A7A /* BMI */,
				7F3A9ECC27D5C9A100FE5A7A /* BMITests */,
				7F3A9ED627D5C9A100FE5A7A /* BMIUITests */,
			);
		};
/* End PBXProject section */

/* Begin PBXResourcesBuildPhase section */
		7F3A9EB527D5C9A000FE5A7A /* Resources */ = {
			isa = PBXResourcesBuildPhase;
			buildActionMask = 2147483647;
			files = (
				7F3A9EC727D5C9A100FE5A7A /* LaunchScreen.storyboard in Resources */,
				7F3A9EC427D5C9A100FE5A7A /* Assets.xcassets in Resources */,
				7F3A9EC227D5C9A000FE5A7A /* Main.storyboard in Resources */,
			);
			runOnlyForDeploymentPostprocessing = 0;
		};
		7F3A9ECB27D5C9A100FE5A7A /* Resources */ = {
			isa = PBXResourcesBuildPhase;
			buildActionMask = 2147483647;
			files = (
			);
			runOnlyForDeploymentPostprocessing = 0;
		};
		7F3A9ED527D5C9A100FE5A7A /* Resources */ = {
			isa = PBXResourcesBuildPhase;
			buildActionMask = 2147483647;
			files = (
			);
			runOnlyForDeploymentPostprocessing = 0;
		};
/* End PBXResourcesBuildPhase section */

/* Begin PBXSourcesBuildPhase section */
		7F3A9EB327D5C9A000FE5A7A /* Sources */ = {
			isa = PBXSourcesBuildPhase;
			buildActionMask = 2147483647;
			files = (
				7F3A9EBF27D5C9A000FE5A7A /* ViewController.swift in Sources */,
				7F3A9EBB27D5C9A000FE5A7A /* AppDelegate.swift in Sources */,
				7F3A9EBD27D5C9A000FE5A7A /* SceneDelegate.swift in Sources */,
			);
			runOnlyForDeploymentPostprocessing = 0;
		};
		7F3A9EC927D5C9A100FE5A7A /* Sources */ = {
			isa = PBXSourcesBuildPhase;
			buildActionMask = 2147483647;
			files = (
				7F3A9ED227D5C9A100FE5A7A /* BMITests.swift in Sources */,
			);
			runOnlyForDeploymentPostprocessing = 0;
		};
		7F3A9ED327D5C9A100FE5A7A /* Sources */ = {
			isa = PBXSourcesBuildPhase;
			buildActionMask = 2147483647;
			files = (
				7F3A9EDC27D5C9A100FE5A7A /* BMIUITests.swift in Sources */,
				7F3A9EDE27D5C9A100FE5A7A /* BMIUITestsLaunchTests.swift in Sources */,
			);
			runOnlyForDeploymentPostprocessing = 0;
		};
/* End PBXSourcesBuildPhase section */

/* Begin PBXTargetDependency section */
		7F3A9ECF27D5C9A100FE5A7A /* PBXTargetDependency */ = {
			isa = PBXTargetDependency;
			target = 7F3A9EB627D5C9A000FE5A7A /* BMI */;
			targetProxy = 7F3A9ECE27D5C9A100FE5A7A /* PBXContainerItemProxy */;
		};
		7F3A9ED927D5C9A100FE5A7A /* PBXTargetDependency */ = {
			isa = PBXTargetDependency;
			target = 7F3A9EB627D5C9A000FE5A7A /* BMI */;
			targetProxy = 7F3A9ED827D5C9A100FE5A7A /* PBXContainerItemProxy */;
		};
/* End PBXTargetDependency section */

/* Begin PBXVariantGroup section */
		7F3A9EC027D5C9A000FE5A7A /* Main.storyboard */ = {
			isa = PBXVariantGroup;
			children = (
				7F3A9EC127D5C9A000FE5A7A /* Base */,
			);
			name = Main.storyboard;
			sourceTree = "<group>";
		};
		7F3A9EC527D5C9A100FE5A7A /* LaunchScreen.storyboard */ = {
			isa = PBXVariantGroup;
			children = (
				7F3A9EC627D5C9A100FE5A7A /* Base */,
			);
			name = LaunchScreen.storyboard;
			sourceTree = "<group>";
		};
/* End PBXVariantGroup section */

/* Begin XCBuildConfiguration section */
		7F3A9EDF27D5C9A100FE5A7A /* Debug */ = {
			isa = XCBuildConfiguration;
			buildSettings = {
				ALWAYS_SEARCH_USER_PATHS = NO;
				CLANG_ANALYZER_NONNULL = YES;
				CLANG_ANALYZER_NUMBER_OBJECT_CONVERSION = YES_AGGRESSIVE;
				CLANG_CXX_LANGUAGE_STANDARD = "gnu++17";
				CLANG_CXX_LIBRARY = "libc++";
				CLANG_ENABLE_MODULES = YES;
				CLANG_ENABLE_OBJC_ARC = YES;
				CLANG_ENABLE_OBJC_WEAK = YES;
				CLANG_WARN_BLOCK_CAPTURE_AUTORELEASING = YES;
				CLANG_WARN_BOOL_CONVERSION = YES;
				CLANG_WARN_COMMA = YES;
				CLANG_WARN_CONSTANT_CONVERSION = YES;
				CLANG_WARN_DEPRECATED_OBJC_IMPLEMENTATIONS = YES;
				CLANG_WARN_DIRECT_OBJC_ISA_USAGE = YES_ERROR;
				CLANG_WARN_DOCUMENTATION_COMMENTS = YES;
				CLANG_WARN_EMPTY_BODY = YES;
				CLANG_WARN_ENUM_CONVERSION = YES;
				CLANG_WARN_INFINITE_RECURSION = YES;
				CLANG_WARN_INT_CONVERSION = YES;
				CLANG_WARN_NON_LITERAL_NULL_CONVERSION = YES;
				CLANG_WARN_OBJC_IMPLICIT_RETAIN_SELF = YES;
				CLANG_WARN_OBJC_LITERAL_CONVERSION = YES;
				CLANG_WARN_OBJC_ROOT_CLASS = YES_ERROR;
				CLANG_WARN_QUOTED_INCLUDE_IN_FRAMEWORK_HEADER = YES;
				CLANG_WARN_RANGE_LOOP_ANALYSIS = YES;
				CLANG_WARN_STRICT_PROTOTYPES = YES;
				CLANG_WARN_SUSPICIOUS_MOVE = YES;
				CLANG_WARN_UNGUARDED_AVAILABILITY = YES_AGGRESSIVE;
				CLANG_WARN_UNREACHABLE_CODE = YES;
				CLANG_WARN__DUPLICATE_METHOD_MATCH = YES;
				COPY_PHASE_STRIP = NO;
				DEBUG_INFORMATION_FORMAT = dwarf;
				ENABLE_STRICT_OBJC_MSGSEND = YES;
				ENABLE_TESTABILITY = YES;
				GCC_C_LANGUAGE_STANDARD = gnu11;
				GCC_DYNAMIC_NO_PIC = NO;
				GCC_NO_COMMON_BLOCKS = YES;
				GCC_OPTIMIZATION_LEVEL = 0;
				GCC_PREPROCESSOR_DEFINITIONS = (
					"DEBUG=1",
					"$(inherited)",
				);
				GCC_WARN_64_TO_32_BIT_CONVERSION = YES;
				GCC_WARN_ABOUT_RETURN_TYPE = YES_ERROR;
				GCC_WARN_UNDECLARED_SELECTOR = YES;
				GCC_WARN_UNINITIALIZED_AUTOS = YES_AGGRESSIVE;
				GCC_WARN_UNUSED_FUNCTION = YES;
				GCC_WARN_UNUSED_VARIABLE = YES;
				IPHONEOS_DEPLOYMENT_TARGET = 15.2;
				MTL_ENABLE_DEBUG_INFO = INCLUDE_SOURCE;
				MTL_FAST_MATH = YES;
				ONLY_ACTIVE_ARCH = YES;
				SDKROOT = iphoneos;
				SWIFT_ACTIVE_COMPILATION_CONDITIONS = DEBUG;
				SWIFT_OPTIMIZATION_LEVEL = "-Onone";
			};
			name = Debug;
		};
		7F3A9EE027D5C9A100FE5A7A /* Release */ = {
			isa = XCBuildConfiguration;
			buildSettings = {
				ALWAYS_SEARCH_USER_PATHS = NO;
				CLANG_ANALYZER_NONNULL = YES;
				CLANG_ANALYZER_NUMBER_OBJECT_CONVERSION = YES_AGGRESSIVE;
				CLANG_CXX_LANGUAGE_STANDARD = "gnu++17";
				CLANG_CXX_LIBRARY = "libc++";
				CLANG_ENABLE_MODULES = YES;
				CLANG_ENABLE_OBJC_ARC = YES;
				CLANG_ENABLE_OBJC_WEAK = YES;
				CLANG_WARN_BLOCK_CAPTURE_AUTORELEASING = YES;
				CLANG_WARN_BOOL_CONVERSION = YES;
				CLANG_WARN_COMMA = YES;
				CLANG_WARN_CONSTANT_CONVERSION = YES;
				CLANG_WARN_DEPRECATED_OBJC_IMPLEMENTATIONS = YES;
				CLANG_WARN_DIRECT_OBJC_ISA_USAGE = YES_ERROR;
				CLANG_WARN_DOCUMENTATION_COMMENTS = YES;
				CLANG_WARN_EMPTY_BODY = YES;
				CLANG_WARN_ENUM_CONVERSION = YES;
				CLANG_WARN_INFINITE_RECURSION = YES;
				CLANG_WARN_INT_CONVERSION = YES;
				CLANG_WARN_NON_LITERAL_NULL_CONVERSION = YES;
				CLANG_WARN_OBJC_IMPLICIT_RETAIN_SELF = YES;
				CLANG_WARN_OBJC_LITERAL_CONVERSION = YES;
				CLANG_WARN_OBJC_ROOT_CLASS = YES_ERROR;
				CLANG_WARN_QUOTED_INCLUDE_IN_FRAMEWORK_HEADER = YES;
				CLANG_WARN_RANGE_LOOP_ANALYSIS = YES;
				CLANG_WARN_STRICT_PROTOTYPES = YES;
				CLANG_WARN_SUSPICIOUS_MOVE = YES;
				CLANG_WARN_UNGUARDED_AVAILABILITY = YES_AGGRESSIVE;
				CLANG_WARN_UNREACHABLE_CODE = YES;
				CLANG_WARN__DUPLICATE_METHOD_MATCH = YES;
				COPY_PHASE_STRIP = NO;
				DEBUG_INFORMATION_FORMAT = "dwarf-with-dsym";
				ENABLE_NS_ASSERTIONS = NO;
				ENABLE_STRICT_OBJC_MSGSEND = YES;
				GCC_C_LANGUAGE_STANDARD = gnu11;
				GCC_NO_COMMON_BLOCKS = YES;
				GCC_WARN_64_TO_32_BIT_CONVERSION = YES;
				GCC_WARN_ABOUT_RETURN_TYPE = YES_ERROR;
				GCC_WARN_UNDECLARED_SELECTOR = YES;
				GCC_WARN_UNINITIALIZED_AUTOS = YES_AGGRESSIVE;
				GCC_WARN_UNUSED_FUNCTION = YES;
				GCC_WARN_UNUSED_VARIABLE = YES;
				IPHONEOS_DEPLOYMENT_TARGET = 15.2;
				MTL_ENABLE_DEBUG_INFO = NO;
				MTL_FAST_MATH = YES;
				SDKROOT = iphoneos;
				SWIFT_COMPILATION_MODE = wholemodule;
				SWIFT_OPTIMIZATION_LEVEL = "-O";
				VALIDATE_PRODUCT = YES;
			};
			name = Release;
		};
		7F3A9EE227D5C9A100FE5A7A /* Debug */ = {
			isa = XCBuildConfiguration;
			buildSettings = {
				ASSETCATALOG_COMPILER_APPICON_NAME = AppIcon;
				ASSETCATALOG_COMPILER_GLOBAL_ACCENT_COLOR_NAME = AccentColor;
				CODE_SIGN_IDENTITY = "Apple Development";
				CODE_SIGN_STYLE = Automatic;
				CURRENT_PROJECT_VERSION = 1;
				DEVELOPMENT_TEAM = 9745KUMS24;
				GENERATE_INFOPLIST_FILE = YES;
				INFOPLIST_FILE = BMI/Info.plist;
				INFOPLIST_KEY_UIApplicationSupportsIndirectInputEvents = YES;
				INFOPLIST_KEY_UILaunchStoryboardName = LaunchScreen;
				INFOPLIST_KEY_UIMainStoryboardFile = Main;
				INFOPLIST_KEY_UISupportedInterfaceOrientations_iPad = "UIInterfaceOrientationPortrait UIInterfaceOrientationPortraitUpsideDown UIInterfaceOrientationLandscapeLeft UIInterfaceOrientationLandscapeRight";
				INFOPLIST_KEY_UISupportedInterfaceOrientations_iPhone = "UIInterfaceOrientationPortrait UIInterfaceOrientationLandscapeLeft UIInterfaceOrientationLandscapeRight";
				LD_RUNPATH_SEARCH_PATHS = (
					"$(inherited)",
					"@executable_path/Frameworks",
				);
				MARKETING_VERSION = 1.0;
				PRODUCT_BUNDLE_IDENTIFIER = com.andylee.BMI;
				PRODUCT_NAME = "$(TARGET_NAME)";
				PROVISIONING_PROFILE_SPECIFIER = "";
				SWIFT_EMIT_LOC_STRINGS = YES;
				SWIFT_VERSION = 5.0;
				TARGETED_DEVICE_FAMILY = "1,2";
			};
			name = Debug;
		};
		7F3A9EE327D5C9A100FE5A7A /* Release */ = {
			isa = XCBuildConfiguration;
			buildSettings = {
				ASSETCATALOG_COMPILER_APPICON_NAME = AppIcon;
				ASSETCATALOG_COMPILER_GLOBAL_ACCENT_COLOR_NAME = AccentColor;
				CODE_SIGN_IDENTITY = "Apple Development";
				CODE_SIGN_STYLE = Automatic;
				CURRENT_PROJECT_VERSION = 1;
				DEVELOPMENT_TEAM = 9745KUMS24;
				GENERATE_INFOPLIST_FILE = YES;
				INFOPLIST_FILE = BMI/Info.plist;
				INFOPLIST_KEY_UIApplicationSupportsIndirectInputEvents = YES;
				INFOPLIST_KEY_UILaunchStoryboardName = LaunchScreen;
				INFOPLIST_KEY_UIMainStoryboardFile = Main;
				INFOPLIST_KEY_UISupportedInterfaceOrientations_iPad = "UIInterfaceOrientationPortrait UIInterfaceOrientationPortraitUpsideDown UIInterfaceOrientationLandscapeLeft UIInterfaceOrientationLandscapeRight";
				INFOPLIST_KEY_UISupportedInterfaceOrientations_iPhone = "UIInterfaceOrientationPortrait UIInterfaceOrientationLandscapeLeft UIInterfaceOrientationLandscapeRight";
				LD_RUNPATH_SEARCH_PATHS = (
					"$(inherited)",
					"@executable_path/Frameworks",
				);
				MARKETING_VERSION = 1.0;
				PRODUCT_BUNDLE_IDENTIFIER = com.andylee.BMI;
				PRODUCT_NAME = "$(TARGET_NAME)";
				PROVISIONING_PROFILE_SPECIFIER = "";
				SWIFT_EMIT_LOC_STRINGS = YES;
				SWIFT_VERSION = 5.0;
				TARGETED_DEVICE_FAMILY = "1,2";
			};
			name = Release;
		};
		7F3A9EE527D5C9A100FE5A7A /* Debug */ = {
			isa = XCBuildConfiguration;
			buildSettings = {
				ALWAYS_EMBED_SWIFT_STANDARD_LIBRARIES = YES;
				BUNDLE_LOADER = "$(TEST_HOST)";
				CODE_SIGN_STYLE = Automatic;
				CURRENT_PROJECT_VERSION = 1;
				GENERATE_INFOPLIST_FILE = YES;
				IPHONEOS_DEPLOYMENT_TARGET = 15.2;
				MARKETING_VERSION = 1.0;
				PRODUCT_BUNDLE_IDENTIFIER = andylee.BMITests;
				PRODUCT_NAME = "$(TARGET_NAME)";
				SWIFT_EMIT_LOC_STRINGS = NO;
				SWIFT_VERSION = 5.0;
				TARGETED_DEVICE_FAMILY = "1,2";
				TEST_HOST = "$(BUILT_PRODUCTS_DIR)/BMI.app/BMI";
			};
			name = Debug;
		};
		7F3A9EE627D5C9A100FE5A7A /* Release */ = {
			isa = XCBuildConfiguration;
			buildSettings = {
				ALWAYS_EMBED_SWIFT_STANDARD_LIBRARIES = YES;
				BUNDLE_LOADER = "$(TEST_HOST)";
				CODE_SIGN_STYLE = Automatic;
				CURRENT_PROJECT_VERSION = 1;
				GENERATE_INFOPLIST_FILE = YES;
				IPHONEOS_DEPLOYMENT_TARGET = 15.2;
				MARKETING_VERSION = 1.0;
				PRODUCT_BUNDLE_IDENTIFIER = andylee.BMITests;
				PRODUCT_NAME = "$(TARGET_NAME)";
				SWIFT_EMIT_LOC_STRINGS = NO;
				SWIFT_VERSION = 5.0;
				TARGETED_DEVICE_FAMILY = "1,2";
				TEST_HOST = "$(BUILT_PRODUCTS_DIR)/BMI.app/BMI";
			};
			name = Release;
		};
		7F3A9EE827D5C9A100FE5A7A /* Debug */ = {
			isa = XCBuildConfiguration;
			buildSettings = {
				ALWAYS_EMBED_SWIFT_STANDARD_LIBRARIES = YES;
				CODE_SIGN_STYLE = Automatic;
				CURRENT_PROJECT_VERSION = 1;
				GENERATE_INFOPLIST_FILE = YES;
				MARKETING_VERSION = 1.0;
				PRODUCT_BUNDLE_IDENTIFIER = andylee.BMIUITests;
				PRODUCT_NAME = "$(TARGET_NAME)";
				SWIFT_EMIT_LOC_STRINGS = NO;
				SWIFT_VERSION = 5.0;
				TARGETED_DEVICE_FAMILY = "1,2";
				TEST_TARGET_NAME = BMI;
			};
			name = Debug;
		};
		7F3A9EE927D5C9A100FE5A7A /* Release */ = {
			isa = XCBuildConfiguration;
			buildSettings = {
				ALWAYS_EMBED_SWIFT_STANDARD_LIBRARIES = YES;
				CODE_SIGN_STYLE = Automatic;
				CURRENT_PROJECT_VERSION = 1;
				GENERATE_INFOPLIST_FILE = YES;
				MARKETING_VERSION = 1.0;
				PRODUCT_BUNDLE_IDENTIFIER = andylee.BMIUITests;
				PRODUCT_NAME = "$(TARGET_NAME)";
				SWIFT_EMIT_LOC_STRINGS = NO;
				SWIFT_VERSION = 5.0;
				TARGETED_DEVICE_FAMILY = "1,2";
				TEST_TARGET_NAME = BMI;
			};
			name = Release;
		};
/* End XCBuildConfiguration section */

/* Begin XCConfigurationList section */
		7F3A9EB227D5C9A000FE5A7A /* Build configuration list for PBXProject "BMI" */ = {
			isa = XCConfigurationList;
			buildConfigurations = (
				7F3A9EDF27D5C9A100FE5A7A /* Debug */,
				7F3A9EE027D5C9A100FE5A7A /* Release */,
			);
			defaultConfigurationIsVisible = 0;
			defaultConfigurationName = Release;
		};
		7F3A9EE127D5C9A100FE5A7A /* Build configuration list for PBXNativeTarget "BMI" */ = {
			isa = XCConfigurationList;
			buildConfigurations = (
				7F3A9EE227D5C9A100FE5A7A /* Debug */,
				7F3A9EE327D5C9A100FE5A7A /* Release */,
			);
			defaultConfigurationIsVisible = 0;
			defaultConfigurationName = Release;
		};
		7F3A9EE427D5C9A100FE5A7A /* Build configuration list for PBXNativeTarget "BMITests" */ = {
			isa = XCConfigurationList;
			buildConfigurations = (
				7F3A9EE527D5C9A100FE5A7A /* Debug */,
				7F3A9EE627D5C9A100FE5A7A /* Release */,
			);
			defaultConfigurationIsVisible = 0;
			defaultConfigurationName = Release;
		};
		7F3A9EE727D5C9A100FE5A7A /* Build configuration list for PBXNativeTarget "BMIUITests" */ = {
			isa = XCConfigurationList;
			buildConfigurations = (
				7F3A9EE827D5C9A100FE5A7A /* Debug */,
				7F3A9EE927D5C9A100FE5A7A /* Release */,
			);
			defaultConfigurationIsVisible = 0;
			defaultConfigurationName = Release;
		};
/* End XCConfigurationList section */
	};
	rootObject = 7F3A9EAF27D5C9A000FE5A7A /* Project object */;
}
